
Microsoft Visual Studio Solution File, Format Version 12.00
# Visual Studio 15
VisualStudioVersion = 15.0.26403.7
MinimumVisualStudioVersion = 10.0.40219.1
Project("{8BC9CEB8-8B4A-11D0-8D11-00A0C91BC942}") = "baek joon", "baek joon\baek joon.vcxproj", "{527CE373-124F-4CE2-B030-F806807294B2}"
EndProject
Project("{8BC9CEB8-8B4A-11D0-8D11-00A0C91BC942}") = "숫자의 합", "숫자의 합\숫자의 합.vcxproj", "{2A17B36A-C973-4956-9E6E-A97D14C9F0C3}"
EndProject
Project("{8BC9CEB8-8B4A-11D0-8D11-00A0C91BC942}") = "단어의 수", "단어의 수\단어의 수.vcxproj", "{0DE47102-C733-4DD7-9E75-BE6E17160420}"
EndProject
Project("{8BC9CEB8-8B4A-11D0-8D11-00A0C91BC942}") = "다이얼", "상수\상수.vcxproj", "{BA84EC37-63E8-4160-B0A2-26FDAD3816DF}"
EndProject
Project("{8BC9CEB8-8B4A-11D0-8D11-00A0C91BC942}") = "비밀번호", "비밀번호\비밀번호.vcxproj", "{2A4EFC1D-691E-4B06-9523-F0798FF74532}"
EndProject
Project("{8BC9CEB8-8B4A-11D0-8D11-00A0C91BC942}") = "대회 or 인턴", "대회 or 인턴\대회 or 인턴.vcxproj", "{50BA057D-40AF-48AD-916D-6E95A464A6B4}"
EndProject
Project("{8BC9CEB8-8B4A-11D0-8D11-00A0C91BC942}") = "롤러코스터", "롤러코스터\롤러코스터.vcxproj", "{2CDD8B7F-BEDF-4B01-B595-20271367B006}"
EndProject
Project("{8BC9CEB8-8B4A-11D0-8D11-00A0C91BC942}") = "로프", "로프\로프.vcxproj", "{FC552E9B-0ED8-4EA6-998E-1C26DEAD1426}"
EndProject
Project("{8BC9CEB8-8B4A-11D0-8D11-00A0C91BC942}") = "개미", "개미\개미.vcxproj", "{BFA7B71C-0E30-437D-A9B9-7B5F329E2392}"
EndProject
Project("{8BC9CEB8-8B4A-11D0-8D11-00A0C91BC942}") = "30", "30\30.vcxproj", "{466F1584-9345-49FA-AEC0-5FA59E444400}"
EndProject
Project("{8BC9CEB8-8B4A-11D0-8D11-00A0C91BC942}") = "30 c", "30 c\30 c.vcxproj", "{2140DE9B-83E9-43CB-83B2-77D85AF4F704}"
EndProject
Project("{8BC9CEB8-8B4A-11D0-8D11-00A0C91BC942}") = "축구게임", "축구게임\축구게임.vcxproj", "{BBAF2EE4-4924-4744-BA77-71DD6E15D10A}"
EndProject
Project("{8BC9CEB8-8B4A-11D0-8D11-00A0C91BC942}") = "쉬운거들", "쉬운거들\쉬운거들.vcxproj", "{0C074C71-1A1D-4D83-86F3-D840BE33A78A}"
EndProject
Project("{8BC9CEB8-8B4A-11D0-8D11-00A0C91BC942}") = "1011", "1011\1011.vcxproj", "{1C085E8F-4B15-48B2-960D-7BED17AAD273}"
EndProject
Global
	GlobalSection(SolutionConfigurationPlatforms) = preSolution
		Debug|x64 = Debug|x64
		Debug|x86 = Debug|x86
		Release|x64 = Release|x64
		Release|x86 = Release|x86
	EndGlobalSection
	GlobalSection(ProjectConfigurationPlatforms) = postSolution
		{527CE373-124F-4CE2-B030-F806807294B2}.Debug|x64.ActiveCfg = Debug|x64
		{527CE373-124F-4CE2-B030-F806807294B2}.Debug|x64.Build.0 = Debug|x64
		{527CE373-124F-4CE2-B030-F806807294B2}.Debug|x86.ActiveCfg = Debug|Win32
		{527CE373-124F-4CE2-B030-F806807294B2}.Debug|x86.Build.0 = Debug|Win32
		{527CE373-124F-4CE2-B030-F806807294B2}.Release|x64.ActiveCfg = Release|x64
		{527CE373-124F-4CE2-B030-F806807294B2}.Release|x64.Build.0 = Release|x64
		{527CE373-124F-4CE2-B030-F806807294B2}.Release|x86.ActiveCfg = Release|Win32
		{527CE373-124F-4CE2-B030-F806807294B2}.Release|x86.Build.0 = Release|Win32
		{2A17B36A-C973-4956-9E6E-A97D14C9F0C3}.Debug|x64.ActiveCfg = Debug|x64
		{2A17B36A-C973-4956-9E6E-A97D14C9F0C3}.Debug|x64.Build.0 = Debug|x64
		{2A17B36A-C973-4956-9E6E-A97D14C9F0C3}.Debug|x86.ActiveCfg = Debug|Win32
		{2A17B36A-C973-4956-9E6E-A97D14C9F0C3}.Debug|x86.Build.0 = Debug|Win32
		{2A17B36A-C973-4956-9E6E-A97D14C9F0C3}.Release|x64.ActiveCfg = Release|x64
		{2A17B36A-C973-4956-9E6E-A97D14C9F0C3}.Release|x64.Build.0 = Release|x64
		{2A17B36A-C973-4956-9E6E-A97D14C9F0C3}.Release|x86.ActiveCfg = Release|Win32
		{2A17B36A-C973-4956-9E6E-A97D14C9F0C3}.Release|x86.Build.0 = Release|Win32
		{0DE47102-C733-4DD7-9E75-BE6E17160420}.Debug|x64.ActiveCfg = Debug|x64
		{0DE47102-C733-4DD7-9E75-BE6E17160420}.Debug|x64.Build.0 = Debug|x64
		{0DE47102-C733-4DD7-9E75-BE6E17160420}.Debug|x86.ActiveCfg = Debug|Win32
		{0DE47102-C733-4DD7-9E75-BE6E17160420}.Debug|x86.Build.0 = Debug|Win32
		{0DE47102-C733-4DD7-9E75-BE6E17160420}.Release|x64.ActiveCfg = Release|x64
		{0DE47102-C733-4DD7-9E75-BE6E17160420}.Release|x64.Build.0 = Release|x64
		{0DE47102-C733-4DD7-9E75-BE6E17160420}.Release|x86.ActiveCfg = Release|Win32
		{0DE47102-C733-4DD7-9E75-BE6E17160420}.Release|x86.Build.0 = Release|Win32
		{BA84EC37-63E8-4160-B0A2-26FDAD3816DF}.Debug|x64.ActiveCfg = Debug|x64
		{BA84EC37-63E8-4160-B0A2-26FDAD3816DF}.Debug|x64.Build.0 = Debug|x64
		{BA84EC37-63E8-4160-B0A2-26FDAD3816DF}.Debug|x86.ActiveCfg = Debug|Win32
		{BA84EC37-63E8-4160-B0A2-26FDAD3816DF}.Debug|x86.Build.0 = Debug|Win32
		{BA84EC37-63E8-4160-B0A2-26FDAD3816DF}.Release|x64.ActiveCfg = Release|x64
		{BA84EC37-63E8-4160-B0A2-26FDAD3816DF}.Release|x64.Build.0 = Release|x64
		{BA84EC37-63E8-4160-B0A2-26FDAD3816DF}.Release|x86.ActiveCfg = Release|Win32
		{BA84EC37-63E8-4160-B0A2-26FDAD3816DF}.Release|x86.Build.0 = Release|Win32
		{2A4EFC1D-691E-4B06-9523-F0798FF74532}.Debug|x64.ActiveCfg = Debug|x64
		{2A4EFC1D-691E-4B06-9523-F0798FF74532}.Debug|x64.Build.0 = Debug|x64
		{2A4EFC1D-691E-4B06-9523-F0798FF74532}.Debug|x86.ActiveCfg = Debug|Win32
		{2A4EFC1D-691E-4B06-9523-F0798FF74532}.Debug|x86.Build.0 = Debug|Win32
		{2A4EFC1D-691E-4B06-9523-F0798FF74532}.Release|x64.ActiveCfg = Release|x64
		{2A4EFC1D-691E-4B06-9523-F0798FF74532}.Release|x64.Build.0 = Release|x64
		{2A4EFC1D-691E-4B06-9523-F0798FF74532}.Release|x86.ActiveCfg = Release|Win32
		{2A4EFC1D-691E-4B06-9523-F0798FF74532}.Release|x86.Build.0 = Release|Win32
		{50BA057D-40AF-48AD-916D-6E95A464A6B4}.Debug|x64.ActiveCfg = Debug|x64
		{50BA057D-40AF-48AD-916D-6E95A464A6B4}.Debug|x64.Build.0 = Debug|x64
		{50BA057D-40AF-48AD-916D-6E95A464A6B4}.Debug|x86.ActiveCfg = Debug|Win32
		{50BA057D-40AF-48AD-916D-6E95A464A6B4}.Debug|x86.Build.0 = Debug|Win32
		{50BA057D-40AF-48AD-916D-6E95A464A6B4}.Release|x64.ActiveCfg = Release|x64
		{50BA057D-40AF-48AD-916D-6E95A464A6B4}.Release|x64.Build.0 = Release|x64
		{50BA057D-40AF-48AD-916D-6E95A464A6B4}.Release|x86.ActiveCfg = Release|Win32
		{50BA057D-40AF-48AD-916D-6E95A464A6B4}.Release|x86.Build.0 = Release|Win32
		{2CDD8B7F-BEDF-4B01-B595-20271367B006}.Debug|x64.ActiveCfg = Debug|x64
		{2CDD8B7F-BEDF-4B01-B595-20271367B006}.Debug|x64.Build.0 = Debug|x64
		{2CDD8B7F-BEDF-4B01-B595-20271367B006}.Debug|x86.ActiveCfg = Debug|Win32
		{2CDD8B7F-BEDF-4B01-B595-20271367B006}.Debug|x86.Build.0 = Debug|Win32
		{2CDD8B7F-BEDF-4B01-B595-20271367B006}.Release|x64.ActiveCfg = Release|x64
		{2CDD8B7F-BEDF-4B01-B595-20271367B006}.Release|x64.Build.0 = Release|x64
		{2CDD8B7F-BEDF-4B01-B595-20271367B006}.Release|x86.ActiveCfg = Release|Win32
		{2CDD8B7F-BEDF-4B01-B595-20271367B006}.Release|x86.Build.0 = Release|Win32
		{FC552E9B-0ED8-4EA6-998E-1C26DEAD1426}.Debug|x64.ActiveCfg = Debug|x64
		{FC552E9B-0ED8-4EA6-998E-1C26DEAD1426}.Debug|x64.Build.0 = Debug|x64
		{FC552E9B-0ED8-4EA6-998E-1C26DEAD1426}.Debug|x86.ActiveCfg = Debug|Win32
		{FC552E9B-0ED8-4EA6-998E-1C26DEAD1426}.Debug|x86.Build.0 = Debug|Win32
		{FC552E9B-0ED8-4EA6-998E-1C26DEAD1426}.Release|x64.ActiveCfg = Release|x64
		{FC552E9B-0ED8-4EA6-998E-1C26DEAD1426}.Release|x64.Build.0 = Release|x64
		{FC552E9B-0ED8-4EA6-998E-1C26DEAD1426}.Release|x86.ActiveCfg = Release|Win32
		{FC552E9B-0ED8-4EA6-998E-1C26DEAD1426}.Release|x86.Build.0 = Release|Win32
		{BFA7B71C-0E30-437D-A9B9-7B5F329E2392}.Debug|x64.ActiveCfg = Debug|x64
		{BFA7B71C-0E30-437D-A9B9-7B5F329E2392}.Debug|x64.Build.0 = Debug|x64
		{BFA7B71C-0E30-437D-A9B9-7B5F329E2392}.Debug|x86.ActiveCfg = Debug|Win32
		{BFA7B71C-0E30-437D-A9B9-7B5F329E2392}.Debug|x86.Build.0 = Debug|Win32
		{BFA7B71C-0E30-437D-A9B9-7B5F329E2392}.Release|x64.ActiveCfg = Release|x64
		{BFA7B71C-0E30-437D-A9B9-7B5F329E2392}.Release|x64.Build.0 = Release|x64
		{BFA7B71C-0E30-437D-A9B9-7B5F329E2392}.Release|x86.ActiveCfg = Release|Win32
		{BFA7B71C-0E30-437D-A9B9-7B5F329E2392}.Release|x86.Build.0 = Release|Win32
		{466F1584-9345-49FA-AEC0-5FA59E444400}.Debug|x64.ActiveCfg = Debug|x64
		{466F1584-9345-49FA-AEC0-5FA59E444400}.Debug|x64.Build.0 = Debug|x64
		{466F1584-9345-49FA-AEC0-5FA59E444400}.Debug|x86.ActiveCfg = Debug|Win32
		{466F1584-9345-49FA-AEC0-5FA59E444400}.Debug|x86.Build.0 = Debug|Win32
		{466F1584-9345-49FA-AEC0-5FA59E444400}.Release|x64.ActiveCfg = Release|x64
		{466F1584-9345-49FA-AEC0-5FA59E444400}.Release|x64.Build.0 = Release|x64
		{466F1584-9345-49FA-AEC0-5FA59E444400}.Release|x86.ActiveCfg = Release|Win32
		{466F1584-9345-49FA-AEC0-5FA59E444400}.Release|x86.Build.0 = Release|Win32
		{2140DE9B-83E9-43CB-83B2-77D85AF4F704}.Debug|x64.ActiveCfg = Debug|x64
		{2140DE9B-83E9-43CB-83B2-77D85AF4F704}.Debug|x64.Build.0 = Debug|x64
		{2140DE9B-83E9-43CB-83B2-77D85AF4F704}.Debug|x86.ActiveCfg = Debug|Win32
		{2140DE9B-83E9-43CB-83B2-77D85AF4F704}.Debug|x86.Build.0 = Debug|Win32
		{2140DE9B-83E9-43CB-83B2-77D85AF4F704}.Release|x64.ActiveCfg = Release|x64
		{2140DE9B-83E9-43CB-83B2-77D85AF4F704}.Release|x64.Build.0 = Release|x64
		{2140DE9B-83E9-43CB-83B2-77D85AF4F704}.Release|x86.ActiveCfg = Release|Win32
		{2140DE9B-83E9-43CB-83B2-77D85AF4F704}.Release|x86.Build.0 = Release|Win32
		{BBAF2EE4-4924-4744-BA77-71DD6E15D10A}.Debug|x64.ActiveCfg = Debug|x64
		{BBAF2EE4-4924-4744-BA77-71DD6E15D10A}.Debug|x64.Build.0 = Debug|x64
		{BBAF2EE4-4924-4744-BA77-71DD6E15D10A}.Debug|x86.ActiveCfg = Debug|Win32
		{BBAF2EE4-4924-4744-BA77-71DD6E15D10A}.Debug|x86.Build.0 = Debug|Win32
		{BBAF2EE4-4924-4744-BA77-71DD6E15D10A}.Release|x64.ActiveCfg = Release|x64
		{BBAF2EE4-4924-4744-BA77-71DD6E15D10A}.Release|x64.Build.0 = Release|x64
		{BBAF2EE4-4924-4744-BA77-71DD6E15D10A}.Release|x86.ActiveCfg = Release|Win32
		{BBAF2EE4-4924-4744-BA77-71DD6E15D10A}.Release|x86.Build.0 = Release|Win32
		{0C074C71-1A1D-4D83-86F3-D840BE33A78A}.Debug|x64.ActiveCfg = Debug|x64
		{0C074C71-1A1D-4D83-86F3-D840BE33A78A}.Debug|x64.Build.0 = Debug|x64
		{0C074C71-1A1D-4D83-86F3-D840BE33A78A}.Debug|x86.ActiveCfg = Debug|Win32
		{0C074C71-1A1D-4D83-86F3-D840BE33A78A}.Debug|x86.Build.0 = Debug|Win32
		{0C074C71-1A1D-4D83-86F3-D840BE33A78A}.Release|x64.ActiveCfg = Release|x64
		{0C074C71-1A1D-4D83-86F3-D840BE33A78A}.Release|x64.Build.0 = Release|x64
		{0C074C71-1A1D-4D83-86F3-D840BE33A78A}.Release|x86.ActiveCfg = Release|Win32
		{0C074C71-1A1D-4D83-86F3-D840BE33A78A}.Release|x86.Build.0 = Release|Win32
		{1C085E8F-4B15-48B2-960D-7BED17AAD273}.Debug|x64.ActiveCfg = Debug|x64
		{1C085E8F-4B15-48B2-960D-7BED17AAD273}.Debug|x64.Build.0 = Debug|x64
		{1C085E8F-4B15-48B2-960D-7BED17AAD273}.Debug|x86.ActiveCfg = Debug|Win32
		{1C085E8F-4B15-48B2-960D-7BED17AAD273}.Debug|x86.Build.0 = Debug|Win32
		{1C085E8F-4B15-48B2-960D-7BED17AAD273}.Release|x64.ActiveCfg = Release|x64
		{1C085E8F-4B15-48B2-960D-7BED17AAD273}.Release|x64.Build.0 = Release|x64
		{1C085E8F-4B15-48B2-960D-7BED17AAD273}.Release|x86.ActiveCfg = Release|Win32
		{1C085E8F-4B15-48B2-960D-7BED17AAD273}.Release|x86.Build.0 = Release|Win32
	EndGlobalSection
	GlobalSection(SolutionProperties) = preSolution
		HideSolutionNode = FALSE
	EndGlobalSection
	GlobalSection(ExtensibilityGlobals) = postSolution
		SolutionGuid = {7893E3E4-A3FC-45C1-8213-85BF91D09E89}
	EndGlobalSection
EndGlobal
