
Microsoft Visual Studio Solution File, Format Version 12.00
# Visual Studio 15
VisualStudioVersion = 15.0.26403.7
MinimumVisualStudioVersion = 10.0.40219.1
Project("{8BC9CEB8-8B4A-11D0-8D11-00A0C91BC942}") = "baek joon", "baek joon\baek joon.vcxproj", "{527CE373-124F-4CE2-B030-F806807294B2}"
EndProject
Project("{8BC9CEB8-8B4A-11D0-8D11-00A0C91BC942}") = "숫자의 합", "숫자의 합\숫자의 합.vcxproj", "{2A17B36A-C973-4956-9E6E-A97D14C9F0C3}"
EndProject
Project("{8BC9CEB8-8B4A-11D0-8D11-00A0C91BC942}") = "단어의 수", "단어의 수\단어의 수.vcxproj", "{0DE47102-C733-4DD7-9E75-BE6E17160420}"
EndProject
Project("{8BC9CEB8-8B4A-11D0-8D11-00A0C91BC942}") = "다이얼", "상수\상수.vcxproj", "{BA84EC37-63E8-4160-B0A2-26FDAD3816DF}"
EndProject
Project("{8BC9CEB8-8B4A-11D0-8D11-00A0C91BC942}") = "비밀번호", "비밀번호\비밀번호.vcxproj", "{2A4EFC1D-691E-4B06-9523-F0798FF74532}"
EndProject
Project("{8BC9CEB8-8B4A-11D0-8D11-00A0C91BC942}") = "대회 or 인턴", "대회 or 인턴\대회 or 인턴.vcxproj", "{50BA057D-40AF-48AD-916D-6E95A464A6B4}"
EndProject
Global
	GlobalSection(SolutionConfigurationPlatforms) = preSolution
		Debug|x64 = Debug|x64
		Debug|x86 = Debug|x86
		Release|x64 = Release|x64
		Release|x86 = Release|x86
	EndGlobalSection
	GlobalSection(ProjectConfigurationPlatforms) = postSolution
		{527CE373-124F-4CE2-B030-F806807294B2}.Debug|x64.ActiveCfg = Debug|x64
		{527CE373-124F-4CE2-B030-F806807294B2}.Debug|x64.Build.0 = Debug|x64
		{527CE373-124F-4CE2-B030-F806807294B2}.Debug|x86.ActiveCfg = Debug|Win32
		{527CE373-124F-4CE2-B030-F806807294B2}.Debug|x86.Build.0 = Debug|Win32
		{527CE373-124F-4CE2-B030-F806807294B2}.Release|x64.ActiveCfg = Release|x64
		{527CE373-124F-4CE2-B030-F806807294B2}.Release|x64.Build.0 = Release|x64
		{527CE373-124F-4CE2-B030-F806807294B2}.Release|x86.ActiveCfg = Release|Win32
		{527CE373-124F-4CE2-B030-F806807294B2}.Release|x86.Build.0 = Release|Win32
		{2A17B36A-C973-4956-9E6E-A97D14C9F0C3}.Debug|x64.ActiveCfg = Debug|x64
		{2A17B36A-C973-4956-9E6E-A97D14C9F0C3}.Debug|x64.Build.0 = Debug|x64
		{2A17B36A-C973-4956-9E6E-A97D14C9F0C3}.Debug|x86.ActiveCfg = Debug|Win32
		{2A17B36A-C973-4956-9E6E-A97D14C9F0C3}.Debug|x86.Build.0 = Debug|Win32
		{2A17B36A-C973-4956-9E6E-A97D14C9F0C3}.Release|x64.ActiveCfg = Release|x64
		{2A17B36A-C973-4956-9E6E-A97D14C9F0C3}.Release|x64.Build.0 = Release|x64
		{2A17B36A-C973-4956-9E6E-A97D14C9F0C3}.Release|x86.ActiveCfg = Release|Win32
		{2A17B36A-C973-4956-9E6E-A97D14C9F0C3}.Release|x86.Build.0 = Release|Win32
		{0DE47102-C733-4DD7-9E75-BE6E17160420}.Debug|x64.ActiveCfg = Debug|x64
		{0DE47102-C733-4DD7-9E75-BE6E17160420}.Debug|x64.Build.0 = Debug|x64
		{0DE47102-C733-4DD7-9E75-BE6E17160420}.Debug|x86.ActiveCfg = Debug|Win32
		{0DE47102-C733-4DD7-9E75-BE6E17160420}.Debug|x86.Build.0 = Debug|Win32
		{0DE47102-C733-4DD7-9E75-BE6E17160420}.Release|x64.ActiveCfg = Release|x64
		{0DE47102-C733-4DD7-9E75-BE6E17160420}.Release|x64.Build.0 = Release|x64
		{0DE47102-C733-4DD7-9E75-BE6E17160420}.Release|x86.ActiveCfg = Release|Win32
		{0DE47102-C733-4DD7-9E75-BE6E17160420}.Release|x86.Build.0 = Release|Win32
		{BA84EC37-63E8-4160-B0A2-26FDAD3816DF}.Debug|x64.ActiveCfg = Debug|x64
		{BA84EC37-63E8-4160-B0A2-26FDAD3816DF}.Debug|x64.Build.0 = Debug|x64
		{BA84EC37-63E8-4160-B0A2-26FDAD3816DF}.Debug|x86.ActiveCfg = Debug|Win32
		{BA84EC37-63E8-4160-B0A2-26FDAD3816DF}.Debug|x86.Build.0 = Debug|Win32
		{BA84EC37-63E8-4160-B0A2-26FDAD3816DF}.Release|x64.ActiveCfg = Release|x64
		{BA84EC37-63E8-4160-B0A2-26FDAD3816DF}.Release|x64.Build.0 = Release|x64
		{BA84EC37-63E8-4160-B0A2-26FDAD3816DF}.Release|x86.ActiveCfg = Release|Win32
		{BA84EC37-63E8-4160-B0A2-26FDAD3816DF}.Release|x86.Build.0 = Release|Win32
		{2A4EFC1D-691E-4B06-9523-F0798FF74532}.Debug|x64.ActiveCfg = Debug|x64
		{2A4EFC1D-691E-4B06-9523-F0798FF74532}.Debug|x64.Build.0 = Debug|x64
		{2A4EFC1D-691E-4B06-9523-F0798FF74532}.Debug|x86.ActiveCfg = Debug|Win32
		{2A4EFC1D-691E-4B06-9523-F0798FF74532}.Debug|x86.Build.0 = Debug|Win32
		{2A4EFC1D-691E-4B06-9523-F0798FF74532}.Release|x64.ActiveCfg = Release|x64
		{2A4EFC1D-691E-4B06-9523-F0798FF74532}.Release|x64.Build.0 = Release|x64
		{2A4EFC1D-691E-4B06-9523-F0798FF74532}.Release|x86.ActiveCfg = Release|Win32
		{2A4EFC1D-691E-4B06-9523-F0798FF74532}.Release|x86.Build.0 = Release|Win32
		{50BA057D-40AF-48AD-916D-6E95A464A6B4}.Debug|x64.ActiveCfg = Debug|x64
		{50BA057D-40AF-48AD-916D-6E95A464A6B4}.Debug|x64.Build.0 = Debug|x64
		{50BA057D-40AF-48AD-916D-6E95A464A6B4}.Debug|x86.ActiveCfg = Debug|Win32
		{50BA057D-40AF-48AD-916D-6E95A464A6B4}.Debug|x86.Build.0 = Debug|Win32
		{50BA057D-40AF-48AD-916D-6E95A464A6B4}.Release|x64.ActiveCfg = Release|x64
		{50BA057D-40AF-48AD-916D-6E95A464A6B4}.Release|x64.Build.0 = Release|x64
		{50BA057D-40AF-48AD-916D-6E95A464A6B4}.Release|x86.ActiveCfg = Release|Win32
		{50BA057D-40AF-48AD-916D-6E95A464A6B4}.Release|x86.Build.0 = Release|Win32
	EndGlobalSection
	GlobalSection(SolutionProperties) = preSolution
		HideSolutionNode = FALSE
	EndGlobalSection
EndGlobal
