
Microsoft Visual Studio Solution File, Format Version 12.00
# Visual Studio 15
VisualStudioVersion = 15.0.26403.7
MinimumVisualStudioVersion = 10.0.40219.1
Project("{8BC9CEB8-8B4A-11D0-8D11-00A0C91BC942}") = "01. 나누기", "CLUG 알고리즘반\CLUG 알고리즘반.vcxproj", "{59C658A4-5054-4491-9037-B9330857704A}"
EndProject
Project("{8BC9CEB8-8B4A-11D0-8D11-00A0C91BC942}") = "02. 윷놀이", "윷놀이\윷놀이.vcxproj", "{39221C80-DB53-4D9D-B499-82F29A19895B}"
EndProject
Project("{8BC9CEB8-8B4A-11D0-8D11-00A0C91BC942}") = "03. 단어 공부", "3. 단어 공부\3. 단어 공부.vcxproj", "{5B451029-3E75-49DF-B6C3-37F18662EEF2}"
EndProject
Project("{8BC9CEB8-8B4A-11D0-8D11-00A0C91BC942}") = "04. 3개의 소수", "4. 3개의 소수\4. 3개의 소수.vcxproj", "{494C8C04-F03E-4C3F-9D79-238F105BC241}"
EndProject
Project("{8BC9CEB8-8B4A-11D0-8D11-00A0C91BC942}") = "05. ATM", "5. ATM\5. ATM.vcxproj", "{217AA0A2-2083-464E-8132-13DF92AE8190}"
EndProject
Project("{8BC9CEB8-8B4A-11D0-8D11-00A0C91BC942}") = "06. 회의실 배정", "6. 회의실 배정\6. 회의실 배정.vcxproj", "{8540764D-8C46-43D3-B85D-A94F84187866}"
EndProject
Project("{8BC9CEB8-8B4A-11D0-8D11-00A0C91BC942}") = "07. 기타줄", "기타줄\기타줄.vcxproj", "{A36E28CA-0223-445D-ACB1-1C8BD02A30ED}"
EndProject
Project("{8BC9CEB8-8B4A-11D0-8D11-00A0C91BC942}") = "08. 동전0", "8. 동전0\8. 동전0.vcxproj", "{91FAC421-EC00-499C-B5C6-97AF3132F303}"
EndProject
Project("{8BC9CEB8-8B4A-11D0-8D11-00A0C91BC942}") = "09. 음계", "9. 음계\9. 음계.vcxproj", "{FC50568A-6EB6-4A58-96D3-90C5B149F2AB}"
EndProject
Project("{8BC9CEB8-8B4A-11D0-8D11-00A0C91BC942}") = "10. 겜만동", "10. 겜만동\10. 겜만동.vcxproj", "{EC3AA24A-FB87-40BD-A975-5CD78547C7B0}"
EndProject
Project("{8BC9CEB8-8B4A-11D0-8D11-00A0C91BC942}") = "11. 오르막길", "11. 오르막길\11. 오르막길.vcxproj", "{85E07069-CC20-446A-AE55-3255F4DDDFF8}"
EndProject
Project("{8BC9CEB8-8B4A-11D0-8D11-00A0C91BC942}") = "12. 나이순 정렬", "12. 나이순 정렬\12. 나이순 정렬.vcxproj", "{DC915FFB-663C-4F66-AD9A-E42DDAD529AA}"
EndProject
Project("{8BC9CEB8-8B4A-11D0-8D11-00A0C91BC942}") = "13. 거리의 차이", "13. 거리의 차이\13. 거리의 차이.vcxproj", "{901B4982-592D-41EE-B0C2-205F940A268B}"
EndProject
Project("{8BC9CEB8-8B4A-11D0-8D11-00A0C91BC942}") = "14. 막대의 길이", "14. 막대의 길이\14. 막대의 길이.vcxproj", "{46CF1E7E-F80F-453C-BB46-FAD82723F4EB}"
EndProject
Project("{8BC9CEB8-8B4A-11D0-8D11-00A0C91BC942}") = "16. 부분집합의 합", "16. 부분집합의 합\16. 부분집합의 합.vcxproj", "{8C02471C-FD22-40F3-9566-879932D6D45C}"
EndProject
Project("{8BC9CEB8-8B4A-11D0-8D11-00A0C91BC942}") = "15. 멀티탭 스케쥴러", "15. 멀티탭 스케쥴러\15. 멀티탭 스케쥴러.vcxproj", "{095738C1-6832-4F7A-8D79-B4D7A5A4C79E}"
EndProject
Project("{8BC9CEB8-8B4A-11D0-8D11-00A0C91BC942}") = "17. 경로탐색", "17. 경로탐색\17. 경로탐색.vcxproj", "{11F3A65E-2EC5-4E4A-A1D8-AFF3118A943C}"
EndProject
Project("{8BC9CEB8-8B4A-11D0-8D11-00A0C91BC942}") = "18. bfs와 dfs", "18. bfs와 dfs\18. bfs와 dfs.vcxproj", "{87BFAD0E-3D33-4EEF-9B31-A9695C928E9F}"
EndProject
Global
	GlobalSection(SolutionConfigurationPlatforms) = preSolution
		Debug|x64 = Debug|x64
		Debug|x86 = Debug|x86
		Release|x64 = Release|x64
		Release|x86 = Release|x86
	EndGlobalSection
	GlobalSection(ProjectConfigurationPlatforms) = postSolution
		{59C658A4-5054-4491-9037-B9330857704A}.Debug|x64.ActiveCfg = Debug|x64
		{59C658A4-5054-4491-9037-B9330857704A}.Debug|x64.Build.0 = Debug|x64
		{59C658A4-5054-4491-9037-B9330857704A}.Debug|x86.ActiveCfg = Debug|Win32
		{59C658A4-5054-4491-9037-B9330857704A}.Debug|x86.Build.0 = Debug|Win32
		{59C658A4-5054-4491-9037-B9330857704A}.Release|x64.ActiveCfg = Release|x64
		{59C658A4-5054-4491-9037-B9330857704A}.Release|x64.Build.0 = Release|x64
		{59C658A4-5054-4491-9037-B9330857704A}.Release|x86.ActiveCfg = Release|Win32
		{59C658A4-5054-4491-9037-B9330857704A}.Release|x86.Build.0 = Release|Win32
		{39221C80-DB53-4D9D-B499-82F29A19895B}.Debug|x64.ActiveCfg = Debug|x64
		{39221C80-DB53-4D9D-B499-82F29A19895B}.Debug|x64.Build.0 = Debug|x64
		{39221C80-DB53-4D9D-B499-82F29A19895B}.Debug|x86.ActiveCfg = Debug|Win32
		{39221C80-DB53-4D9D-B499-82F29A19895B}.Debug|x86.Build.0 = Debug|Win32
		{39221C80-DB53-4D9D-B499-82F29A19895B}.Release|x64.ActiveCfg = Release|x64
		{39221C80-DB53-4D9D-B499-82F29A19895B}.Release|x64.Build.0 = Release|x64
		{39221C80-DB53-4D9D-B499-82F29A19895B}.Release|x86.ActiveCfg = Release|Win32
		{39221C80-DB53-4D9D-B499-82F29A19895B}.Release|x86.Build.0 = Release|Win32
		{5B451029-3E75-49DF-B6C3-37F18662EEF2}.Debug|x64.ActiveCfg = Debug|x64
		{5B451029-3E75-49DF-B6C3-37F18662EEF2}.Debug|x64.Build.0 = Debug|x64
		{5B451029-3E75-49DF-B6C3-37F18662EEF2}.Debug|x86.ActiveCfg = Debug|Win32
		{5B451029-3E75-49DF-B6C3-37F18662EEF2}.Debug|x86.Build.0 = Debug|Win32
		{5B451029-3E75-49DF-B6C3-37F18662EEF2}.Release|x64.ActiveCfg = Release|x64
		{5B451029-3E75-49DF-B6C3-37F18662EEF2}.Release|x64.Build.0 = Release|x64
		{5B451029-3E75-49DF-B6C3-37F18662EEF2}.Release|x86.ActiveCfg = Release|Win32
		{5B451029-3E75-49DF-B6C3-37F18662EEF2}.Release|x86.Build.0 = Release|Win32
		{494C8C04-F03E-4C3F-9D79-238F105BC241}.Debug|x64.ActiveCfg = Debug|x64
		{494C8C04-F03E-4C3F-9D79-238F105BC241}.Debug|x64.Build.0 = Debug|x64
		{494C8C04-F03E-4C3F-9D79-238F105BC241}.Debug|x86.ActiveCfg = Debug|Win32
		{494C8C04-F03E-4C3F-9D79-238F105BC241}.Debug|x86.Build.0 = Debug|Win32
		{494C8C04-F03E-4C3F-9D79-238F105BC241}.Release|x64.ActiveCfg = Release|x64
		{494C8C04-F03E-4C3F-9D79-238F105BC241}.Release|x64.Build.0 = Release|x64
		{494C8C04-F03E-4C3F-9D79-238F105BC241}.Release|x86.ActiveCfg = Release|Win32
		{494C8C04-F03E-4C3F-9D79-238F105BC241}.Release|x86.Build.0 = Release|Win32
		{217AA0A2-2083-464E-8132-13DF92AE8190}.Debug|x64.ActiveCfg = Debug|x64
		{217AA0A2-2083-464E-8132-13DF92AE8190}.Debug|x64.Build.0 = Debug|x64
		{217AA0A2-2083-464E-8132-13DF92AE8190}.Debug|x86.ActiveCfg = Debug|Win32
		{217AA0A2-2083-464E-8132-13DF92AE8190}.Debug|x86.Build.0 = Debug|Win32
		{217AA0A2-2083-464E-8132-13DF92AE8190}.Release|x64.ActiveCfg = Release|x64
		{217AA0A2-2083-464E-8132-13DF92AE8190}.Release|x64.Build.0 = Release|x64
		{217AA0A2-2083-464E-8132-13DF92AE8190}.Release|x86.ActiveCfg = Release|Win32
		{217AA0A2-2083-464E-8132-13DF92AE8190}.Release|x86.Build.0 = Release|Win32
		{8540764D-8C46-43D3-B85D-A94F84187866}.Debug|x64.ActiveCfg = Debug|x64
		{8540764D-8C46-43D3-B85D-A94F84187866}.Debug|x64.Build.0 = Debug|x64
		{8540764D-8C46-43D3-B85D-A94F84187866}.Debug|x86.ActiveCfg = Debug|Win32
		{8540764D-8C46-43D3-B85D-A94F84187866}.Debug|x86.Build.0 = Debug|Win32
		{8540764D-8C46-43D3-B85D-A94F84187866}.Release|x64.ActiveCfg = Release|x64
		{8540764D-8C46-43D3-B85D-A94F84187866}.Release|x64.Build.0 = Release|x64
		{8540764D-8C46-43D3-B85D-A94F84187866}.Release|x86.ActiveCfg = Release|Win32
		{8540764D-8C46-43D3-B85D-A94F84187866}.Release|x86.Build.0 = Release|Win32
		{A36E28CA-0223-445D-ACB1-1C8BD02A30ED}.Debug|x64.ActiveCfg = Debug|x64
		{A36E28CA-0223-445D-ACB1-1C8BD02A30ED}.Debug|x64.Build.0 = Debug|x64
		{A36E28CA-0223-445D-ACB1-1C8BD02A30ED}.Debug|x86.ActiveCfg = Debug|Win32
		{A36E28CA-0223-445D-ACB1-1C8BD02A30ED}.Debug|x86.Build.0 = Debug|Win32
		{A36E28CA-0223-445D-ACB1-1C8BD02A30ED}.Release|x64.ActiveCfg = Release|x64
		{A36E28CA-0223-445D-ACB1-1C8BD02A30ED}.Release|x64.Build.0 = Release|x64
		{A36E28CA-0223-445D-ACB1-1C8BD02A30ED}.Release|x86.ActiveCfg = Release|Win32
		{A36E28CA-0223-445D-ACB1-1C8BD02A30ED}.Release|x86.Build.0 = Release|Win32
		{91FAC421-EC00-499C-B5C6-97AF3132F303}.Debug|x64.ActiveCfg = Debug|x64
		{91FAC421-EC00-499C-B5C6-97AF3132F303}.Debug|x64.Build.0 = Debug|x64
		{91FAC421-EC00-499C-B5C6-97AF3132F303}.Debug|x86.ActiveCfg = Debug|Win32
		{91FAC421-EC00-499C-B5C6-97AF3132F303}.Debug|x86.Build.0 = Debug|Win32
		{91FAC421-EC00-499C-B5C6-97AF3132F303}.Release|x64.ActiveCfg = Release|x64
		{91FAC421-EC00-499C-B5C6-97AF3132F303}.Release|x64.Build.0 = Release|x64
		{91FAC421-EC00-499C-B5C6-97AF3132F303}.Release|x86.ActiveCfg = Release|Win32
		{91FAC421-EC00-499C-B5C6-97AF3132F303}.Release|x86.Build.0 = Release|Win32
		{FC50568A-6EB6-4A58-96D3-90C5B149F2AB}.Debug|x64.ActiveCfg = Debug|x64
		{FC50568A-6EB6-4A58-96D3-90C5B149F2AB}.Debug|x64.Build.0 = Debug|x64
		{FC50568A-6EB6-4A58-96D3-90C5B149F2AB}.Debug|x86.ActiveCfg = Debug|Win32
		{FC50568A-6EB6-4A58-96D3-90C5B149F2AB}.Debug|x86.Build.0 = Debug|Win32
		{FC50568A-6EB6-4A58-96D3-90C5B149F2AB}.Release|x64.ActiveCfg = Release|x64
		{FC50568A-6EB6-4A58-96D3-90C5B149F2AB}.Release|x64.Build.0 = Release|x64
		{FC50568A-6EB6-4A58-96D3-90C5B149F2AB}.Release|x86.ActiveCfg = Release|Win32
		{FC50568A-6EB6-4A58-96D3-90C5B149F2AB}.Release|x86.Build.0 = Release|Win32
		{EC3AA24A-FB87-40BD-A975-5CD78547C7B0}.Debug|x64.ActiveCfg = Debug|x64
		{EC3AA24A-FB87-40BD-A975-5CD78547C7B0}.Debug|x64.Build.0 = Debug|x64
		{EC3AA24A-FB87-40BD-A975-5CD78547C7B0}.Debug|x86.ActiveCfg = Debug|Win32
		{EC3AA24A-FB87-40BD-A975-5CD78547C7B0}.Debug|x86.Build.0 = Debug|Win32
		{EC3AA24A-FB87-40BD-A975-5CD78547C7B0}.Release|x64.ActiveCfg = Release|x64
		{EC3AA24A-FB87-40BD-A975-5CD78547C7B0}.Release|x64.Build.0 = Release|x64
		{EC3AA24A-FB87-40BD-A975-5CD78547C7B0}.Release|x86.ActiveCfg = Release|Win32
		{EC3AA24A-FB87-40BD-A975-5CD78547C7B0}.Release|x86.Build.0 = Release|Win32
		{85E07069-CC20-446A-AE55-3255F4DDDFF8}.Debug|x64.ActiveCfg = Debug|x64
		{85E07069-CC20-446A-AE55-3255F4DDDFF8}.Debug|x64.Build.0 = Debug|x64
		{85E07069-CC20-446A-AE55-3255F4DDDFF8}.Debug|x86.ActiveCfg = Debug|Win32
		{85E07069-CC20-446A-AE55-3255F4DDDFF8}.Debug|x86.Build.0 = Debug|Win32
		{85E07069-CC20-446A-AE55-3255F4DDDFF8}.Release|x64.ActiveCfg = Release|x64
		{85E07069-CC20-446A-AE55-3255F4DDDFF8}.Release|x64.Build.0 = Release|x64
		{85E07069-CC20-446A-AE55-3255F4DDDFF8}.Release|x86.ActiveCfg = Release|Win32
		{85E07069-CC20-446A-AE55-3255F4DDDFF8}.Release|x86.Build.0 = Release|Win32
		{DC915FFB-663C-4F66-AD9A-E42DDAD529AA}.Debug|x64.ActiveCfg = Debug|x64
		{DC915FFB-663C-4F66-AD9A-E42DDAD529AA}.Debug|x64.Build.0 = Debug|x64
		{DC915FFB-663C-4F66-AD9A-E42DDAD529AA}.Debug|x86.ActiveCfg = Debug|Win32
		{DC915FFB-663C-4F66-AD9A-E42DDAD529AA}.Debug|x86.Build.0 = Debug|Win32
		{DC915FFB-663C-4F66-AD9A-E42DDAD529AA}.Release|x64.ActiveCfg = Release|x64
		{DC915FFB-663C-4F66-AD9A-E42DDAD529AA}.Release|x64.Build.0 = Release|x64
		{DC915FFB-663C-4F66-AD9A-E42DDAD529AA}.Release|x86.ActiveCfg = Release|Win32
		{DC915FFB-663C-4F66-AD9A-E42DDAD529AA}.Release|x86.Build.0 = Release|Win32
		{901B4982-592D-41EE-B0C2-205F940A268B}.Debug|x64.ActiveCfg = Debug|x64
		{901B4982-592D-41EE-B0C2-205F940A268B}.Debug|x64.Build.0 = Debug|x64
		{901B4982-592D-41EE-B0C2-205F940A268B}.Debug|x86.ActiveCfg = Debug|Win32
		{901B4982-592D-41EE-B0C2-205F940A268B}.Debug|x86.Build.0 = Debug|Win32
		{901B4982-592D-41EE-B0C2-205F940A268B}.Release|x64.ActiveCfg = Release|x64
		{901B4982-592D-41EE-B0C2-205F940A268B}.Release|x64.Build.0 = Release|x64
		{901B4982-592D-41EE-B0C2-205F940A268B}.Release|x86.ActiveCfg = Release|Win32
		{901B4982-592D-41EE-B0C2-205F940A268B}.Release|x86.Build.0 = Release|Win32
		{46CF1E7E-F80F-453C-BB46-FAD82723F4EB}.Debug|x64.ActiveCfg = Debug|x64
		{46CF1E7E-F80F-453C-BB46-FAD82723F4EB}.Debug|x64.Build.0 = Debug|x64
		{46CF1E7E-F80F-453C-BB46-FAD82723F4EB}.Debug|x86.ActiveCfg = Debug|Win32
		{46CF1E7E-F80F-453C-BB46-FAD82723F4EB}.Debug|x86.Build.0 = Debug|Win32
		{46CF1E7E-F80F-453C-BB46-FAD82723F4EB}.Release|x64.ActiveCfg = Release|x64
		{46CF1E7E-F80F-453C-BB46-FAD82723F4EB}.Release|x64.Build.0 = Release|x64
		{46CF1E7E-F80F-453C-BB46-FAD82723F4EB}.Release|x86.ActiveCfg = Release|Win32
		{46CF1E7E-F80F-453C-BB46-FAD82723F4EB}.Release|x86.Build.0 = Release|Win32
		{8C02471C-FD22-40F3-9566-879932D6D45C}.Debug|x64.ActiveCfg = Debug|x64
		{8C02471C-FD22-40F3-9566-879932D6D45C}.Debug|x64.Build.0 = Debug|x64
		{8C02471C-FD22-40F3-9566-879932D6D45C}.Debug|x86.ActiveCfg = Debug|Win32
		{8C02471C-FD22-40F3-9566-879932D6D45C}.Debug|x86.Build.0 = Debug|Win32
		{8C02471C-FD22-40F3-9566-879932D6D45C}.Release|x64.ActiveCfg = Release|x64
		{8C02471C-FD22-40F3-9566-879932D6D45C}.Release|x64.Build.0 = Release|x64
		{8C02471C-FD22-40F3-9566-879932D6D45C}.Release|x86.ActiveCfg = Release|Win32
		{8C02471C-FD22-40F3-9566-879932D6D45C}.Release|x86.Build.0 = Release|Win32
		{095738C1-6832-4F7A-8D79-B4D7A5A4C79E}.Debug|x64.ActiveCfg = Debug|x64
		{095738C1-6832-4F7A-8D79-B4D7A5A4C79E}.Debug|x64.Build.0 = Debug|x64
		{095738C1-6832-4F7A-8D79-B4D7A5A4C79E}.Debug|x86.ActiveCfg = Debug|Win32
		{095738C1-6832-4F7A-8D79-B4D7A5A4C79E}.Debug|x86.Build.0 = Debug|Win32
		{095738C1-6832-4F7A-8D79-B4D7A5A4C79E}.Release|x64.ActiveCfg = Release|x64
		{095738C1-6832-4F7A-8D79-B4D7A5A4C79E}.Release|x64.Build.0 = Release|x64
		{095738C1-6832-4F7A-8D79-B4D7A5A4C79E}.Release|x86.ActiveCfg = Release|Win32
		{095738C1-6832-4F7A-8D79-B4D7A5A4C79E}.Release|x86.Build.0 = Release|Win32
		{11F3A65E-2EC5-4E4A-A1D8-AFF3118A943C}.Debug|x64.ActiveCfg = Debug|x64
		{11F3A65E-2EC5-4E4A-A1D8-AFF3118A943C}.Debug|x64.Build.0 = Debug|x64
		{11F3A65E-2EC5-4E4A-A1D8-AFF3118A943C}.Debug|x86.ActiveCfg = Debug|Win32
		{11F3A65E-2EC5-4E4A-A1D8-AFF3118A943C}.Debug|x86.Build.0 = Debug|Win32
		{11F3A65E-2EC5-4E4A-A1D8-AFF3118A943C}.Release|x64.ActiveCfg = Release|x64
		{11F3A65E-2EC5-4E4A-A1D8-AFF3118A943C}.Release|x64.Build.0 = Release|x64
		{11F3A65E-2EC5-4E4A-A1D8-AFF3118A943C}.Release|x86.ActiveCfg = Release|Win32
		{11F3A65E-2EC5-4E4A-A1D8-AFF3118A943C}.Release|x86.Build.0 = Release|Win32
		{87BFAD0E-3D33-4EEF-9B31-A9695C928E9F}.Debug|x64.ActiveCfg = Debug|x64
		{87BFAD0E-3D33-4EEF-9B31-A9695C928E9F}.Debug|x64.Build.0 = Debug|x64
		{87BFAD0E-3D33-4EEF-9B31-A9695C928E9F}.Debug|x86.ActiveCfg = Debug|Win32
		{87BFAD0E-3D33-4EEF-9B31-A9695C928E9F}.Debug|x86.Build.0 = Debug|Win32
		{87BFAD0E-3D33-4EEF-9B31-A9695C928E9F}.Release|x64.ActiveCfg = Release|x64
		{87BFAD0E-3D33-4EEF-9B31-A9695C928E9F}.Release|x64.Build.0 = Release|x64
		{87BFAD0E-3D33-4EEF-9B31-A9695C928E9F}.Release|x86.ActiveCfg = Release|Win32
		{87BFAD0E-3D33-4EEF-9B31-A9695C928E9F}.Release|x86.Build.0 = Release|Win32
	EndGlobalSection
	GlobalSection(SolutionProperties) = preSolution
		HideSolutionNode = FALSE
	EndGlobalSection
EndGlobal
