
Microsoft Visual Studio Solution File, Format Version 12.00
# Visual Studio 15
VisualStudioVersion = 15.0.26403.7
MinimumVisualStudioVersion = 10.0.40219.1
Project("{8BC9CEB8-8B4A-11D0-8D11-00A0C91BC942}") = "....01 cin cout", "C++\C++.vcxproj", "{30CD09A7-98E6-4351-9BE7-E8EA516971D2}"
EndProject
Project("{8BC9CEB8-8B4A-11D0-8D11-00A0C91BC942}") = "문제01-1-1", "문제01-1\문제01-1.vcxproj", "{818676E5-6659-4C48-BE27-A02F8BF0B7C6}"
EndProject
Project("{8BC9CEB8-8B4A-11D0-8D11-00A0C91BC942}") = "문제01-1-2", "문제01-2\문제01-2.vcxproj", "{61EB9358-50B2-4569-8DCF-AADA126D853F}"
EndProject
Project("{8BC9CEB8-8B4A-11D0-8D11-00A0C91BC942}") = "문제01-1-3", "문제01-3\문제01-3.vcxproj", "{66A49C3A-5B44-4EAA-94D4-A2950AD820D4}"
EndProject
Project("{8BC9CEB8-8B4A-11D0-8D11-00A0C91BC942}") = "문제01-1-4", "문제01-4\문제01-4.vcxproj", "{F253F167-2C42-48E0-8381-06E813F45968}"
EndProject
Project("{8BC9CEB8-8B4A-11D0-8D11-00A0C91BC942}") = "문제01-2-1", "문제01-2-1\문제01-2-1.vcxproj", "{48EE976A-D5D5-4350-AE4A-8DA4AC1135C4}"
EndProject
Project("{8BC9CEB8-8B4A-11D0-8D11-00A0C91BC942}") = "문제01-3-1", "문제01-3-1\문제01-3-1.vcxproj", "{84463A06-3F25-488A-9196-3A31F134DC6B}"
EndProject
Global
	GlobalSection(SolutionConfigurationPlatforms) = preSolution
		Debug|x64 = Debug|x64
		Debug|x86 = Debug|x86
		Release|x64 = Release|x64
		Release|x86 = Release|x86
	EndGlobalSection
	GlobalSection(ProjectConfigurationPlatforms) = postSolution
		{30CD09A7-98E6-4351-9BE7-E8EA516971D2}.Debug|x64.ActiveCfg = Debug|x64
		{30CD09A7-98E6-4351-9BE7-E8EA516971D2}.Debug|x64.Build.0 = Debug|x64
		{30CD09A7-98E6-4351-9BE7-E8EA516971D2}.Debug|x86.ActiveCfg = Debug|Win32
		{30CD09A7-98E6-4351-9BE7-E8EA516971D2}.Debug|x86.Build.0 = Debug|Win32
		{30CD09A7-98E6-4351-9BE7-E8EA516971D2}.Release|x64.ActiveCfg = Release|x64
		{30CD09A7-98E6-4351-9BE7-E8EA516971D2}.Release|x64.Build.0 = Release|x64
		{30CD09A7-98E6-4351-9BE7-E8EA516971D2}.Release|x86.ActiveCfg = Release|Win32
		{30CD09A7-98E6-4351-9BE7-E8EA516971D2}.Release|x86.Build.0 = Release|Win32
		{818676E5-6659-4C48-BE27-A02F8BF0B7C6}.Debug|x64.ActiveCfg = Debug|x64
		{818676E5-6659-4C48-BE27-A02F8BF0B7C6}.Debug|x64.Build.0 = Debug|x64
		{818676E5-6659-4C48-BE27-A02F8BF0B7C6}.Debug|x86.ActiveCfg = Debug|Win32
		{818676E5-6659-4C48-BE27-A02F8BF0B7C6}.Debug|x86.Build.0 = Debug|Win32
		{818676E5-6659-4C48-BE27-A02F8BF0B7C6}.Release|x64.ActiveCfg = Release|x64
		{818676E5-6659-4C48-BE27-A02F8BF0B7C6}.Release|x64.Build.0 = Release|x64
		{818676E5-6659-4C48-BE27-A02F8BF0B7C6}.Release|x86.ActiveCfg = Release|Win32
		{818676E5-6659-4C48-BE27-A02F8BF0B7C6}.Release|x86.Build.0 = Release|Win32
		{61EB9358-50B2-4569-8DCF-AADA126D853F}.Debug|x64.ActiveCfg = Debug|x64
		{61EB9358-50B2-4569-8DCF-AADA126D853F}.Debug|x64.Build.0 = Debug|x64
		{61EB9358-50B2-4569-8DCF-AADA126D853F}.Debug|x86.ActiveCfg = Debug|Win32
		{61EB9358-50B2-4569-8DCF-AADA126D853F}.Debug|x86.Build.0 = Debug|Win32
		{61EB9358-50B2-4569-8DCF-AADA126D853F}.Release|x64.ActiveCfg = Release|x64
		{61EB9358-50B2-4569-8DCF-AADA126D853F}.Release|x64.Build.0 = Release|x64
		{61EB9358-50B2-4569-8DCF-AADA126D853F}.Release|x86.ActiveCfg = Release|Win32
		{61EB9358-50B2-4569-8DCF-AADA126D853F}.Release|x86.Build.0 = Release|Win32
		{66A49C3A-5B44-4EAA-94D4-A2950AD820D4}.Debug|x64.ActiveCfg = Debug|x64
		{66A49C3A-5B44-4EAA-94D4-A2950AD820D4}.Debug|x64.Build.0 = Debug|x64
		{66A49C3A-5B44-4EAA-94D4-A2950AD820D4}.Debug|x86.ActiveCfg = Debug|Win32
		{66A49C3A-5B44-4EAA-94D4-A2950AD820D4}.Debug|x86.Build.0 = Debug|Win32
		{66A49C3A-5B44-4EAA-94D4-A2950AD820D4}.Release|x64.ActiveCfg = Release|x64
		{66A49C3A-5B44-4EAA-94D4-A2950AD820D4}.Release|x64.Build.0 = Release|x64
		{66A49C3A-5B44-4EAA-94D4-A2950AD820D4}.Release|x86.ActiveCfg = Release|Win32
		{66A49C3A-5B44-4EAA-94D4-A2950AD820D4}.Release|x86.Build.0 = Release|Win32
		{F253F167-2C42-48E0-8381-06E813F45968}.Debug|x64.ActiveCfg = Debug|x64
		{F253F167-2C42-48E0-8381-06E813F45968}.Debug|x64.Build.0 = Debug|x64
		{F253F167-2C42-48E0-8381-06E813F45968}.Debug|x86.ActiveCfg = Debug|Win32
		{F253F167-2C42-48E0-8381-06E813F45968}.Debug|x86.Build.0 = Debug|Win32
		{F253F167-2C42-48E0-8381-06E813F45968}.Release|x64.ActiveCfg = Release|x64
		{F253F167-2C42-48E0-8381-06E813F45968}.Release|x64.Build.0 = Release|x64
		{F253F167-2C42-48E0-8381-06E813F45968}.Release|x86.ActiveCfg = Release|Win32
		{F253F167-2C42-48E0-8381-06E813F45968}.Release|x86.Build.0 = Release|Win32
		{48EE976A-D5D5-4350-AE4A-8DA4AC1135C4}.Debug|x64.ActiveCfg = Debug|x64
		{48EE976A-D5D5-4350-AE4A-8DA4AC1135C4}.Debug|x64.Build.0 = Debug|x64
		{48EE976A-D5D5-4350-AE4A-8DA4AC1135C4}.Debug|x86.ActiveCfg = Debug|Win32
		{48EE976A-D5D5-4350-AE4A-8DA4AC1135C4}.Debug|x86.Build.0 = Debug|Win32
		{48EE976A-D5D5-4350-AE4A-8DA4AC1135C4}.Release|x64.ActiveCfg = Release|x64
		{48EE976A-D5D5-4350-AE4A-8DA4AC1135C4}.Release|x64.Build.0 = Release|x64
		{48EE976A-D5D5-4350-AE4A-8DA4AC1135C4}.Release|x86.ActiveCfg = Release|Win32
		{48EE976A-D5D5-4350-AE4A-8DA4AC1135C4}.Release|x86.Build.0 = Release|Win32
		{84463A06-3F25-488A-9196-3A31F134DC6B}.Debug|x64.ActiveCfg = Debug|x64
		{84463A06-3F25-488A-9196-3A31F134DC6B}.Debug|x64.Build.0 = Debug|x64
		{84463A06-3F25-488A-9196-3A31F134DC6B}.Debug|x86.ActiveCfg = Debug|Win32
		{84463A06-3F25-488A-9196-3A31F134DC6B}.Debug|x86.Build.0 = Debug|Win32
		{84463A06-3F25-488A-9196-3A31F134DC6B}.Release|x64.ActiveCfg = Release|x64
		{84463A06-3F25-488A-9196-3A31F134DC6B}.Release|x64.Build.0 = Release|x64
		{84463A06-3F25-488A-9196-3A31F134DC6B}.Release|x86.ActiveCfg = Release|Win32
		{84463A06-3F25-488A-9196-3A31F134DC6B}.Release|x86.Build.0 = Release|Win32
	EndGlobalSection
	GlobalSection(SolutionProperties) = preSolution
		HideSolutionNode = FALSE
	EndGlobalSection
EndGlobal
