
Microsoft Visual Studio Solution File, Format Version 12.00
# Visual Studio 15
VisualStudioVersion = 15.0.26403.7
MinimumVisualStudioVersion = 10.0.40219.1
Project("{8BC9CEB8-8B4A-11D0-8D11-00A0C91BC942}") = "....01 cin cout", "C++\C++.vcxproj", "{30CD09A7-98E6-4351-9BE7-E8EA516971D2}"
EndProject
Project("{8BC9CEB8-8B4A-11D0-8D11-00A0C91BC942}") = "문제01-1-1", "문제01-1\문제01-1.vcxproj", "{818676E5-6659-4C48-BE27-A02F8BF0B7C6}"
EndProject
Project("{8BC9CEB8-8B4A-11D0-8D11-00A0C91BC942}") = "문제01-1-2", "문제01-2\문제01-2.vcxproj", "{61EB9358-50B2-4569-8DCF-AADA126D853F}"
EndProject
Project("{8BC9CEB8-8B4A-11D0-8D11-00A0C91BC942}") = "문제01-1-3", "문제01-3\문제01-3.vcxproj", "{66A49C3A-5B44-4EAA-94D4-A2950AD820D4}"
EndProject
Project("{8BC9CEB8-8B4A-11D0-8D11-00A0C91BC942}") = "문제01-1-4", "문제01-4\문제01-4.vcxproj", "{F253F167-2C42-48E0-8381-06E813F45968}"
EndProject
Project("{8BC9CEB8-8B4A-11D0-8D11-00A0C91BC942}") = "문제01-2-1", "문제01-2-1\문제01-2-1.vcxproj", "{48EE976A-D5D5-4350-AE4A-8DA4AC1135C4}"
EndProject
Project("{8BC9CEB8-8B4A-11D0-8D11-00A0C91BC942}") = "문제01-3-1", "문제01-3-1\문제01-3-1.vcxproj", "{84463A06-3F25-488A-9196-3A31F134DC6B}"
EndProject
Project("{8BC9CEB8-8B4A-11D0-8D11-00A0C91BC942}") = "OOP 1단계", "OOP 1단계\OOP 1단계.vcxproj", "{7FA6C76C-E711-4456-BA3E-3E37DD596DCD}"
EndProject
Project("{8BC9CEB8-8B4A-11D0-8D11-00A0C91BC942}") = "문제02-1-1", "문제02-1-1\문제02-1-1.vcxproj", "{7AE683C1-DC21-4DE0-BF6D-8B2E8A7A5C73}"
EndProject
Project("{8BC9CEB8-8B4A-11D0-8D11-00A0C91BC942}") = "문제02-1-3", "문제02-1-2\문제02-1-2.vcxproj", "{91AE385D-E226-4F84-AC86-650CBE3F54E0}"
EndProject
Project("{8BC9CEB8-8B4A-11D0-8D11-00A0C91BC942}") = "문제02-2-1", "문제02-2-1\문제02-2-1.vcxproj", "{A271007F-23D5-4D42-A7DD-43A5B68DAEF0}"
EndProject
Project("{8BC9CEB8-8B4A-11D0-8D11-00A0C91BC942}") = "문제02-3-1", "문제02-3-1\문제02-3-1.vcxproj", "{0642B348-B9D9-4E55-BCC7-1D4804294F8C}"
EndProject
Project("{8BC9CEB8-8B4A-11D0-8D11-00A0C91BC942}") = "문제02-4-1", "문제02-4-1\문제02-4-1.vcxproj", "{D8A5624A-33CE-4A47-AFD1-09C5BD2053A8}"
EndProject
Project("{8BC9CEB8-8B4A-11D0-8D11-00A0C91BC942}") = "문제02-4-2", "문제02-4-2\문제02-4-2.vcxproj", "{6D5F8110-B4CA-425A-AF8B-508FCE45CB28}"
EndProject
Global
	GlobalSection(SolutionConfigurationPlatforms) = preSolution
		Debug|x64 = Debug|x64
		Debug|x86 = Debug|x86
		Release|x64 = Release|x64
		Release|x86 = Release|x86
	EndGlobalSection
	GlobalSection(ProjectConfigurationPlatforms) = postSolution
		{30CD09A7-98E6-4351-9BE7-E8EA516971D2}.Debug|x64.ActiveCfg = Debug|x64
		{30CD09A7-98E6-4351-9BE7-E8EA516971D2}.Debug|x64.Build.0 = Debug|x64
		{30CD09A7-98E6-4351-9BE7-E8EA516971D2}.Debug|x86.ActiveCfg = Debug|Win32
		{30CD09A7-98E6-4351-9BE7-E8EA516971D2}.Debug|x86.Build.0 = Debug|Win32
		{30CD09A7-98E6-4351-9BE7-E8EA516971D2}.Release|x64.ActiveCfg = Release|x64
		{30CD09A7-98E6-4351-9BE7-E8EA516971D2}.Release|x64.Build.0 = Release|x64
		{30CD09A7-98E6-4351-9BE7-E8EA516971D2}.Release|x86.ActiveCfg = Release|Win32
		{30CD09A7-98E6-4351-9BE7-E8EA516971D2}.Release|x86.Build.0 = Release|Win32
		{818676E5-6659-4C48-BE27-A02F8BF0B7C6}.Debug|x64.ActiveCfg = Debug|x64
		{818676E5-6659-4C48-BE27-A02F8BF0B7C6}.Debug|x64.Build.0 = Debug|x64
		{818676E5-6659-4C48-BE27-A02F8BF0B7C6}.Debug|x86.ActiveCfg = Debug|Win32
		{818676E5-6659-4C48-BE27-A02F8BF0B7C6}.Debug|x86.Build.0 = Debug|Win32
		{818676E5-6659-4C48-BE27-A02F8BF0B7C6}.Release|x64.ActiveCfg = Release|x64
		{818676E5-6659-4C48-BE27-A02F8BF0B7C6}.Release|x64.Build.0 = Release|x64
		{818676E5-6659-4C48-BE27-A02F8BF0B7C6}.Release|x86.ActiveCfg = Release|Win32
		{818676E5-6659-4C48-BE27-A02F8BF0B7C6}.Release|x86.Build.0 = Release|Win32
		{61EB9358-50B2-4569-8DCF-AADA126D853F}.Debug|x64.ActiveCfg = Debug|x64
		{61EB9358-50B2-4569-8DCF-AADA126D853F}.Debug|x64.Build.0 = Debug|x64
		{61EB9358-50B2-4569-8DCF-AADA126D853F}.Debug|x86.ActiveCfg = Debug|Win32
		{61EB9358-50B2-4569-8DCF-AADA126D853F}.Debug|x86.Build.0 = Debug|Win32
		{61EB9358-50B2-4569-8DCF-AADA126D853F}.Release|x64.ActiveCfg = Release|x64
		{61EB9358-50B2-4569-8DCF-AADA126D853F}.Release|x64.Build.0 = Release|x64
		{61EB9358-50B2-4569-8DCF-AADA126D853F}.Release|x86.ActiveCfg = Release|Win32
		{61EB9358-50B2-4569-8DCF-AADA126D853F}.Release|x86.Build.0 = Release|Win32
		{66A49C3A-5B44-4EAA-94D4-A2950AD820D4}.Debug|x64.ActiveCfg = Debug|x64
		{66A49C3A-5B44-4EAA-94D4-A2950AD820D4}.Debug|x64.Build.0 = Debug|x64
		{66A49C3A-5B44-4EAA-94D4-A2950AD820D4}.Debug|x86.ActiveCfg = Debug|Win32
		{66A49C3A-5B44-4EAA-94D4-A2950AD820D4}.Debug|x86.Build.0 = Debug|Win32
		{66A49C3A-5B44-4EAA-94D4-A2950AD820D4}.Release|x64.ActiveCfg = Release|x64
		{66A49C3A-5B44-4EAA-94D4-A2950AD820D4}.Release|x64.Build.0 = Release|x64
		{66A49C3A-5B44-4EAA-94D4-A2950AD820D4}.Release|x86.ActiveCfg = Release|Win32
		{66A49C3A-5B44-4EAA-94D4-A2950AD820D4}.Release|x86.Build.0 = Release|Win32
		{F253F167-2C42-48E0-8381-06E813F45968}.Debug|x64.ActiveCfg = Debug|x64
		{F253F167-2C42-48E0-8381-06E813F45968}.Debug|x64.Build.0 = Debug|x64
		{F253F167-2C42-48E0-8381-06E813F45968}.Debug|x86.ActiveCfg = Debug|Win32
		{F253F167-2C42-48E0-8381-06E813F45968}.Debug|x86.Build.0 = Debug|Win32
		{F253F167-2C42-48E0-8381-06E813F45968}.Release|x64.ActiveCfg = Release|x64
		{F253F167-2C42-48E0-8381-06E813F45968}.Release|x64.Build.0 = Release|x64
		{F253F167-2C42-48E0-8381-06E813F45968}.Release|x86.ActiveCfg = Release|Win32
		{F253F167-2C42-48E0-8381-06E813F45968}.Release|x86.Build.0 = Release|Win32
		{48EE976A-D5D5-4350-AE4A-8DA4AC1135C4}.Debug|x64.ActiveCfg = Debug|x64
		{48EE976A-D5D5-4350-AE4A-8DA4AC1135C4}.Debug|x64.Build.0 = Debug|x64
		{48EE976A-D5D5-4350-AE4A-8DA4AC1135C4}.Debug|x86.ActiveCfg = Debug|Win32
		{48EE976A-D5D5-4350-AE4A-8DA4AC1135C4}.Debug|x86.Build.0 = Debug|Win32
		{48EE976A-D5D5-4350-AE4A-8DA4AC1135C4}.Release|x64.ActiveCfg = Release|x64
		{48EE976A-D5D5-4350-AE4A-8DA4AC1135C4}.Release|x64.Build.0 = Release|x64
		{48EE976A-D5D5-4350-AE4A-8DA4AC1135C4}.Release|x86.ActiveCfg = Release|Win32
		{48EE976A-D5D5-4350-AE4A-8DA4AC1135C4}.Release|x86.Build.0 = Release|Win32
		{84463A06-3F25-488A-9196-3A31F134DC6B}.Debug|x64.ActiveCfg = Debug|x64
		{84463A06-3F25-488A-9196-3A31F134DC6B}.Debug|x64.Build.0 = Debug|x64
		{84463A06-3F25-488A-9196-3A31F134DC6B}.Debug|x86.ActiveCfg = Debug|Win32
		{84463A06-3F25-488A-9196-3A31F134DC6B}.Debug|x86.Build.0 = Debug|Win32
		{84463A06-3F25-488A-9196-3A31F134DC6B}.Release|x64.ActiveCfg = Release|x64
		{84463A06-3F25-488A-9196-3A31F134DC6B}.Release|x64.Build.0 = Release|x64
		{84463A06-3F25-488A-9196-3A31F134DC6B}.Release|x86.ActiveCfg = Release|Win32
		{84463A06-3F25-488A-9196-3A31F134DC6B}.Release|x86.Build.0 = Release|Win32
		{7FA6C76C-E711-4456-BA3E-3E37DD596DCD}.Debug|x64.ActiveCfg = Debug|x64
		{7FA6C76C-E711-4456-BA3E-3E37DD596DCD}.Debug|x64.Build.0 = Debug|x64
		{7FA6C76C-E711-4456-BA3E-3E37DD596DCD}.Debug|x86.ActiveCfg = Debug|Win32
		{7FA6C76C-E711-4456-BA3E-3E37DD596DCD}.Debug|x86.Build.0 = Debug|Win32
		{7FA6C76C-E711-4456-BA3E-3E37DD596DCD}.Release|x64.ActiveCfg = Release|x64
		{7FA6C76C-E711-4456-BA3E-3E37DD596DCD}.Release|x64.Build.0 = Release|x64
		{7FA6C76C-E711-4456-BA3E-3E37DD596DCD}.Release|x86.ActiveCfg = Release|Win32
		{7FA6C76C-E711-4456-BA3E-3E37DD596DCD}.Release|x86.Build.0 = Release|Win32
		{7AE683C1-DC21-4DE0-BF6D-8B2E8A7A5C73}.Debug|x64.ActiveCfg = Debug|x64
		{7AE683C1-DC21-4DE0-BF6D-8B2E8A7A5C73}.Debug|x64.Build.0 = Debug|x64
		{7AE683C1-DC21-4DE0-BF6D-8B2E8A7A5C73}.Debug|x86.ActiveCfg = Debug|Win32
		{7AE683C1-DC21-4DE0-BF6D-8B2E8A7A5C73}.Debug|x86.Build.0 = Debug|Win32
		{7AE683C1-DC21-4DE0-BF6D-8B2E8A7A5C73}.Release|x64.ActiveCfg = Release|x64
		{7AE683C1-DC21-4DE0-BF6D-8B2E8A7A5C73}.Release|x64.Build.0 = Release|x64
		{7AE683C1-DC21-4DE0-BF6D-8B2E8A7A5C73}.Release|x86.ActiveCfg = Release|Win32
		{7AE683C1-DC21-4DE0-BF6D-8B2E8A7A5C73}.Release|x86.Build.0 = Release|Win32
		{91AE385D-E226-4F84-AC86-650CBE3F54E0}.Debug|x64.ActiveCfg = Debug|x64
		{91AE385D-E226-4F84-AC86-650CBE3F54E0}.Debug|x64.Build.0 = Debug|x64
		{91AE385D-E226-4F84-AC86-650CBE3F54E0}.Debug|x86.ActiveCfg = Debug|Win32
		{91AE385D-E226-4F84-AC86-650CBE3F54E0}.Debug|x86.Build.0 = Debug|Win32
		{91AE385D-E226-4F84-AC86-650CBE3F54E0}.Release|x64.ActiveCfg = Release|x64
		{91AE385D-E226-4F84-AC86-650CBE3F54E0}.Release|x64.Build.0 = Release|x64
		{91AE385D-E226-4F84-AC86-650CBE3F54E0}.Release|x86.ActiveCfg = Release|Win32
		{91AE385D-E226-4F84-AC86-650CBE3F54E0}.Release|x86.Build.0 = Release|Win32
		{A271007F-23D5-4D42-A7DD-43A5B68DAEF0}.Debug|x64.ActiveCfg = Debug|x64
		{A271007F-23D5-4D42-A7DD-43A5B68DAEF0}.Debug|x64.Build.0 = Debug|x64
		{A271007F-23D5-4D42-A7DD-43A5B68DAEF0}.Debug|x86.ActiveCfg = Debug|Win32
		{A271007F-23D5-4D42-A7DD-43A5B68DAEF0}.Debug|x86.Build.0 = Debug|Win32
		{A271007F-23D5-4D42-A7DD-43A5B68DAEF0}.Release|x64.ActiveCfg = Release|x64
		{A271007F-23D5-4D42-A7DD-43A5B68DAEF0}.Release|x64.Build.0 = Release|x64
		{A271007F-23D5-4D42-A7DD-43A5B68DAEF0}.Release|x86.ActiveCfg = Release|Win32
		{A271007F-23D5-4D42-A7DD-43A5B68DAEF0}.Release|x86.Build.0 = Release|Win32
		{0642B348-B9D9-4E55-BCC7-1D4804294F8C}.Debug|x64.ActiveCfg = Debug|x64
		{0642B348-B9D9-4E55-BCC7-1D4804294F8C}.Debug|x64.Build.0 = Debug|x64
		{0642B348-B9D9-4E55-BCC7-1D4804294F8C}.Debug|x86.ActiveCfg = Debug|Win32
		{0642B348-B9D9-4E55-BCC7-1D4804294F8C}.Debug|x86.Build.0 = Debug|Win32
		{0642B348-B9D9-4E55-BCC7-1D4804294F8C}.Release|x64.ActiveCfg = Release|x64
		{0642B348-B9D9-4E55-BCC7-1D4804294F8C}.Release|x64.Build.0 = Release|x64
		{0642B348-B9D9-4E55-BCC7-1D4804294F8C}.Release|x86.ActiveCfg = Release|Win32
		{0642B348-B9D9-4E55-BCC7-1D4804294F8C}.Release|x86.Build.0 = Release|Win32
		{D8A5624A-33CE-4A47-AFD1-09C5BD2053A8}.Debug|x64.ActiveCfg = Debug|x64
		{D8A5624A-33CE-4A47-AFD1-09C5BD2053A8}.Debug|x64.Build.0 = Debug|x64
		{D8A5624A-33CE-4A47-AFD1-09C5BD2053A8}.Debug|x86.ActiveCfg = Debug|Win32
		{D8A5624A-33CE-4A47-AFD1-09C5BD2053A8}.Debug|x86.Build.0 = Debug|Win32
		{D8A5624A-33CE-4A47-AFD1-09C5BD2053A8}.Release|x64.ActiveCfg = Release|x64
		{D8A5624A-33CE-4A47-AFD1-09C5BD2053A8}.Release|x64.Build.0 = Release|x64
		{D8A5624A-33CE-4A47-AFD1-09C5BD2053A8}.Release|x86.ActiveCfg = Release|Win32
		{D8A5624A-33CE-4A47-AFD1-09C5BD2053A8}.Release|x86.Build.0 = Release|Win32
		{6D5F8110-B4CA-425A-AF8B-508FCE45CB28}.Debug|x64.ActiveCfg = Debug|x64
		{6D5F8110-B4CA-425A-AF8B-508FCE45CB28}.Debug|x64.Build.0 = Debug|x64
		{6D5F8110-B4CA-425A-AF8B-508FCE45CB28}.Debug|x86.ActiveCfg = Debug|Win32
		{6D5F8110-B4CA-425A-AF8B-508FCE45CB28}.Debug|x86.Build.0 = Debug|Win32
		{6D5F8110-B4CA-425A-AF8B-508FCE45CB28}.Release|x64.ActiveCfg = Release|x64
		{6D5F8110-B4CA-425A-AF8B-508FCE45CB28}.Release|x64.Build.0 = Release|x64
		{6D5F8110-B4CA-425A-AF8B-508FCE45CB28}.Release|x86.ActiveCfg = Release|Win32
		{6D5F8110-B4CA-425A-AF8B-508FCE45CB28}.Release|x86.Build.0 = Release|Win32
	EndGlobalSection
	GlobalSection(SolutionProperties) = preSolution
		HideSolutionNode = FALSE
	EndGlobalSection
EndGlobal
