
Microsoft Visual Studio Solution File, Format Version 12.00
# Visual Studio 15
VisualStudioVersion = 15.0.26403.7
MinimumVisualStudioVersion = 10.0.40219.1
Project("{8BC9CEB8-8B4A-11D0-8D11-00A0C91BC942}") = "실습01 swap", "2학기실습\2학기실습.vcxproj", "{223415B3-5391-4306-B90D-4973B9CA54C2}"
EndProject
Project("{8BC9CEB8-8B4A-11D0-8D11-00A0C91BC942}") = "실습02 2816진수", "실습02 2816진수\실습02 2816진수.vcxproj", "{9C34EA6C-349D-4EF7-A011-C316A6766D6E}"
EndProject
Project("{8BC9CEB8-8B4A-11D0-8D11-00A0C91BC942}") = "2816", "2816\2816.vcxproj", "{4B06DB12-C9E9-485E-9684-DD167F433E61}"
EndProject
Project("{8BC9CEB8-8B4A-11D0-8D11-00A0C91BC942}") = "실습03", "test\test.vcxproj", "{CFB13427-3B18-4DBF-9315-161018856D3B}"
EndProject
Project("{8BC9CEB8-8B4A-11D0-8D11-00A0C91BC942}") = "실습04", "실습04\실습04.vcxproj", "{B0526CBE-6983-4CB6-8A4D-65C0A7624193}"
EndProject
Project("{8BC9CEB8-8B4A-11D0-8D11-00A0C91BC942}") = "실습05", "실습05\실습05.vcxproj", "{1663D044-A6A3-4D00-ADAD-3294E774A083}"
EndProject
Project("{8BC9CEB8-8B4A-11D0-8D11-00A0C91BC942}") = "실습 5 2", "실습 5 2\실습 5 2.vcxproj", "{1589D69A-D930-4BF8-8597-57FE8F1B53FC}"
EndProject
Project("{8BC9CEB8-8B4A-11D0-8D11-00A0C91BC942}") = "실습060", "실습060\실습060.vcxproj", "{BC5ECC11-4086-4248-A1A2-DDE0C5FE394D}"
EndProject
Project("{8BC9CEB8-8B4A-11D0-8D11-00A0C91BC942}") = "실습07", "실습 07\실습 07.vcxproj", "{A4931907-9379-4C8D-BAE2-04E4D03CC11E}"
EndProject
Project("{8BC9CEB8-8B4A-11D0-8D11-00A0C91BC942}") = "실습08", "실습08\실습08.vcxproj", "{C6A692BC-3F59-4068-B832-236FCB6D10FA}"
EndProject
Project("{8BC9CEB8-8B4A-11D0-8D11-00A0C91BC942}") = "실습09", "실습09\실습09.vcxproj", "{2B438E22-56C3-4A70-8777-9B7004D42427}"
EndProject
Project("{8BC9CEB8-8B4A-11D0-8D11-00A0C91BC942}") = "실습10", "실습 10\실습 10.vcxproj", "{F3E66B62-7604-4408-9265-72B856B5674C}"
EndProject
Project("{8BC9CEB8-8B4A-11D0-8D11-00A0C91BC942}") = "실습11", "실습 11\실습 11.vcxproj", "{0A7B2FEB-ACDA-4FF3-8AD2-329C0477C06F}"
EndProject
Project("{8BC9CEB8-8B4A-11D0-8D11-00A0C91BC942}") = "실습12", "실습12\실습12.vcxproj", "{0B9989B4-6754-4589-94AB-0B2FAC9E07EF}"
EndProject
Project("{8BC9CEB8-8B4A-11D0-8D11-00A0C91BC942}") = "실습13", "실습13\실습13.vcxproj", "{0AB7FC4F-D64C-4924-9B4C-F29F8849D759}"
EndProject
Project("{8BC9CEB8-8B4A-11D0-8D11-00A0C91BC942}") = "실습14", "실습14\실습14.vcxproj", "{B0DDED50-4D29-4EB0-9E32-394C03077864}"
EndProject
Project("{8BC9CEB8-8B4A-11D0-8D11-00A0C91BC942}") = "실습15", "실습 15\실습 15.vcxproj", "{439831F2-C4A9-48B3-A180-6D8C096AB4CE}"
EndProject
Project("{8BC9CEB8-8B4A-11D0-8D11-00A0C91BC942}") = "실습16", "실습16\실습16.vcxproj", "{A6AAE082-73E0-4386-9EF6-99B7C03B7129}"
EndProject
Project("{8BC9CEB8-8B4A-11D0-8D11-00A0C91BC942}") = "실습17", "실습17\실습17.vcxproj", "{BA6831FB-5447-45CD-B1E7-E1A6E90C61D8}"
EndProject
Project("{8BC9CEB8-8B4A-11D0-8D11-00A0C91BC942}") = "실습18", "실습18\실습18.vcxproj", "{87E0FB65-B083-4E8C-AA02-B890CA5FBE53}"
EndProject
Project("{8BC9CEB8-8B4A-11D0-8D11-00A0C91BC942}") = "실습19", "실습19\실습19.vcxproj", "{729FC964-73D9-4151-9DA0-D8DDBD71F829}"
EndProject
Project("{8BC9CEB8-8B4A-11D0-8D11-00A0C91BC942}") = "실습20", "실습20\실습20.vcxproj", "{5CFD19B3-791A-4ED8-8BBF-9E34ADE264FC}"
EndProject
Project("{8BC9CEB8-8B4A-11D0-8D11-00A0C91BC942}") = "실습21", "실습21\실습21.vcxproj", "{DFD7DEFB-0B07-4800-B49E-7495E07DAE4D}"
EndProject
Project("{8BC9CEB8-8B4A-11D0-8D11-00A0C91BC942}") = "실습22", "실습22\실습22.vcxproj", "{AF46E18A-D7D3-44ED-B376-65E495F97A3F}"
EndProject
Project("{8BC9CEB8-8B4A-11D0-8D11-00A0C91BC942}") = "실습23", "실습23\실습23.vcxproj", "{172FE82E-D7B7-4516-BA4D-685DBC5D2D94}"
EndProject
Project("{8BC9CEB8-8B4A-11D0-8D11-00A0C91BC942}") = "동적메모리리포트", "동적메모리리포트\동적메모리리포트.vcxproj", "{D1E87FB2-9B16-4BB4-BEC5-84A31E2004DF}"
EndProject
Project("{8BC9CEB8-8B4A-11D0-8D11-00A0C91BC942}") = "TSP", "TSP\TSP.vcxproj", "{2944CA3A-1EFF-429D-A779-6750C850A6C7}"
EndProject
Project("{8BC9CEB8-8B4A-11D0-8D11-00A0C91BC942}") = "TSP2", "TSP2\TSP2.vcxproj", "{32D931E6-B4EF-4CD6-B334-2A6406EB2F7F}"
EndProject
Project("{8BC9CEB8-8B4A-11D0-8D11-00A0C91BC942}") = "teamproject01", "실습23분할\실습23분할.vcxproj", "{039F59F9-C776-435E-8749-191802661569}"
EndProject
Project("{8BC9CEB8-8B4A-11D0-8D11-00A0C91BC942}") = "TSPdp", "TSPdp\TSPdp.vcxproj", "{265ABDB7-15F2-400D-83D0-11C780DB37AC}"
EndProject
Project("{8BC9CEB8-8B4A-11D0-8D11-00A0C91BC942}") = "실습24", "실습24\실습24.vcxproj", "{CDDA55D8-C4E1-4D61-9B21-1BA156E422C0}"
EndProject
Global
	GlobalSection(SolutionConfigurationPlatforms) = preSolution
		Debug|x64 = Debug|x64
		Debug|x86 = Debug|x86
		Release|x64 = Release|x64
		Release|x86 = Release|x86
	EndGlobalSection
	GlobalSection(ProjectConfigurationPlatforms) = postSolution
		{223415B3-5391-4306-B90D-4973B9CA54C2}.Debug|x64.ActiveCfg = Debug|x64
		{223415B3-5391-4306-B90D-4973B9CA54C2}.Debug|x64.Build.0 = Debug|x64
		{223415B3-5391-4306-B90D-4973B9CA54C2}.Debug|x86.ActiveCfg = Debug|Win32
		{223415B3-5391-4306-B90D-4973B9CA54C2}.Debug|x86.Build.0 = Debug|Win32
		{223415B3-5391-4306-B90D-4973B9CA54C2}.Release|x64.ActiveCfg = Release|x64
		{223415B3-5391-4306-B90D-4973B9CA54C2}.Release|x64.Build.0 = Release|x64
		{223415B3-5391-4306-B90D-4973B9CA54C2}.Release|x86.ActiveCfg = Release|Win32
		{223415B3-5391-4306-B90D-4973B9CA54C2}.Release|x86.Build.0 = Release|Win32
		{9C34EA6C-349D-4EF7-A011-C316A6766D6E}.Debug|x64.ActiveCfg = Debug|x64
		{9C34EA6C-349D-4EF7-A011-C316A6766D6E}.Debug|x64.Build.0 = Debug|x64
		{9C34EA6C-349D-4EF7-A011-C316A6766D6E}.Debug|x86.ActiveCfg = Debug|Win32
		{9C34EA6C-349D-4EF7-A011-C316A6766D6E}.Debug|x86.Build.0 = Debug|Win32
		{9C34EA6C-349D-4EF7-A011-C316A6766D6E}.Release|x64.ActiveCfg = Release|x64
		{9C34EA6C-349D-4EF7-A011-C316A6766D6E}.Release|x64.Build.0 = Release|x64
		{9C34EA6C-349D-4EF7-A011-C316A6766D6E}.Release|x86.ActiveCfg = Release|Win32
		{9C34EA6C-349D-4EF7-A011-C316A6766D6E}.Release|x86.Build.0 = Release|Win32
		{4B06DB12-C9E9-485E-9684-DD167F433E61}.Debug|x64.ActiveCfg = Debug|x64
		{4B06DB12-C9E9-485E-9684-DD167F433E61}.Debug|x64.Build.0 = Debug|x64
		{4B06DB12-C9E9-485E-9684-DD167F433E61}.Debug|x86.ActiveCfg = Debug|Win32
		{4B06DB12-C9E9-485E-9684-DD167F433E61}.Debug|x86.Build.0 = Debug|Win32
		{4B06DB12-C9E9-485E-9684-DD167F433E61}.Release|x64.ActiveCfg = Release|x64
		{4B06DB12-C9E9-485E-9684-DD167F433E61}.Release|x64.Build.0 = Release|x64
		{4B06DB12-C9E9-485E-9684-DD167F433E61}.Release|x86.ActiveCfg = Release|Win32
		{4B06DB12-C9E9-485E-9684-DD167F433E61}.Release|x86.Build.0 = Release|Win32
		{CFB13427-3B18-4DBF-9315-161018856D3B}.Debug|x64.ActiveCfg = Debug|x64
		{CFB13427-3B18-4DBF-9315-161018856D3B}.Debug|x64.Build.0 = Debug|x64
		{CFB13427-3B18-4DBF-9315-161018856D3B}.Debug|x86.ActiveCfg = Debug|Win32
		{CFB13427-3B18-4DBF-9315-161018856D3B}.Debug|x86.Build.0 = Debug|Win32
		{CFB13427-3B18-4DBF-9315-161018856D3B}.Release|x64.ActiveCfg = Release|x64
		{CFB13427-3B18-4DBF-9315-161018856D3B}.Release|x64.Build.0 = Release|x64
		{CFB13427-3B18-4DBF-9315-161018856D3B}.Release|x86.ActiveCfg = Release|Win32
		{CFB13427-3B18-4DBF-9315-161018856D3B}.Release|x86.Build.0 = Release|Win32
		{B0526CBE-6983-4CB6-8A4D-65C0A7624193}.Debug|x64.ActiveCfg = Debug|x64
		{B0526CBE-6983-4CB6-8A4D-65C0A7624193}.Debug|x64.Build.0 = Debug|x64
		{B0526CBE-6983-4CB6-8A4D-65C0A7624193}.Debug|x86.ActiveCfg = Debug|Win32
		{B0526CBE-6983-4CB6-8A4D-65C0A7624193}.Debug|x86.Build.0 = Debug|Win32
		{B0526CBE-6983-4CB6-8A4D-65C0A7624193}.Release|x64.ActiveCfg = Release|x64
		{B0526CBE-6983-4CB6-8A4D-65C0A7624193}.Release|x64.Build.0 = Release|x64
		{B0526CBE-6983-4CB6-8A4D-65C0A7624193}.Release|x86.ActiveCfg = Release|Win32
		{B0526CBE-6983-4CB6-8A4D-65C0A7624193}.Release|x86.Build.0 = Release|Win32
		{1663D044-A6A3-4D00-ADAD-3294E774A083}.Debug|x64.ActiveCfg = Debug|x64
		{1663D044-A6A3-4D00-ADAD-3294E774A083}.Debug|x64.Build.0 = Debug|x64
		{1663D044-A6A3-4D00-ADAD-3294E774A083}.Debug|x86.ActiveCfg = Debug|Win32
		{1663D044-A6A3-4D00-ADAD-3294E774A083}.Debug|x86.Build.0 = Debug|Win32
		{1663D044-A6A3-4D00-ADAD-3294E774A083}.Release|x64.ActiveCfg = Release|x64
		{1663D044-A6A3-4D00-ADAD-3294E774A083}.Release|x64.Build.0 = Release|x64
		{1663D044-A6A3-4D00-ADAD-3294E774A083}.Release|x86.ActiveCfg = Release|Win32
		{1663D044-A6A3-4D00-ADAD-3294E774A083}.Release|x86.Build.0 = Release|Win32
		{1589D69A-D930-4BF8-8597-57FE8F1B53FC}.Debug|x64.ActiveCfg = Debug|x64
		{1589D69A-D930-4BF8-8597-57FE8F1B53FC}.Debug|x64.Build.0 = Debug|x64
		{1589D69A-D930-4BF8-8597-57FE8F1B53FC}.Debug|x86.ActiveCfg = Debug|Win32
		{1589D69A-D930-4BF8-8597-57FE8F1B53FC}.Debug|x86.Build.0 = Debug|Win32
		{1589D69A-D930-4BF8-8597-57FE8F1B53FC}.Release|x64.ActiveCfg = Release|x64
		{1589D69A-D930-4BF8-8597-57FE8F1B53FC}.Release|x64.Build.0 = Release|x64
		{1589D69A-D930-4BF8-8597-57FE8F1B53FC}.Release|x86.ActiveCfg = Release|Win32
		{1589D69A-D930-4BF8-8597-57FE8F1B53FC}.Release|x86.Build.0 = Release|Win32
		{BC5ECC11-4086-4248-A1A2-DDE0C5FE394D}.Debug|x64.ActiveCfg = Debug|x64
		{BC5ECC11-4086-4248-A1A2-DDE0C5FE394D}.Debug|x64.Build.0 = Debug|x64
		{BC5ECC11-4086-4248-A1A2-DDE0C5FE394D}.Debug|x86.ActiveCfg = Debug|Win32
		{BC5ECC11-4086-4248-A1A2-DDE0C5FE394D}.Debug|x86.Build.0 = Debug|Win32
		{BC5ECC11-4086-4248-A1A2-DDE0C5FE394D}.Release|x64.ActiveCfg = Release|x64
		{BC5ECC11-4086-4248-A1A2-DDE0C5FE394D}.Release|x64.Build.0 = Release|x64
		{BC5ECC11-4086-4248-A1A2-DDE0C5FE394D}.Release|x86.ActiveCfg = Release|Win32
		{BC5ECC11-4086-4248-A1A2-DDE0C5FE394D}.Release|x86.Build.0 = Release|Win32
		{A4931907-9379-4C8D-BAE2-04E4D03CC11E}.Debug|x64.ActiveCfg = Debug|x64
		{A4931907-9379-4C8D-BAE2-04E4D03CC11E}.Debug|x64.Build.0 = Debug|x64
		{A4931907-9379-4C8D-BAE2-04E4D03CC11E}.Debug|x86.ActiveCfg = Debug|Win32
		{A4931907-9379-4C8D-BAE2-04E4D03CC11E}.Debug|x86.Build.0 = Debug|Win32
		{A4931907-9379-4C8D-BAE2-04E4D03CC11E}.Release|x64.ActiveCfg = Release|x64
		{A4931907-9379-4C8D-BAE2-04E4D03CC11E}.Release|x64.Build.0 = Release|x64
		{A4931907-9379-4C8D-BAE2-04E4D03CC11E}.Release|x86.ActiveCfg = Release|Win32
		{A4931907-9379-4C8D-BAE2-04E4D03CC11E}.Release|x86.Build.0 = Release|Win32
		{C6A692BC-3F59-4068-B832-236FCB6D10FA}.Debug|x64.ActiveCfg = Debug|x64
		{C6A692BC-3F59-4068-B832-236FCB6D10FA}.Debug|x64.Build.0 = Debug|x64
		{C6A692BC-3F59-4068-B832-236FCB6D10FA}.Debug|x86.ActiveCfg = Debug|Win32
		{C6A692BC-3F59-4068-B832-236FCB6D10FA}.Debug|x86.Build.0 = Debug|Win32
		{C6A692BC-3F59-4068-B832-236FCB6D10FA}.Release|x64.ActiveCfg = Release|x64
		{C6A692BC-3F59-4068-B832-236FCB6D10FA}.Release|x64.Build.0 = Release|x64
		{C6A692BC-3F59-4068-B832-236FCB6D10FA}.Release|x86.ActiveCfg = Release|Win32
		{C6A692BC-3F59-4068-B832-236FCB6D10FA}.Release|x86.Build.0 = Release|Win32
		{2B438E22-56C3-4A70-8777-9B7004D42427}.Debug|x64.ActiveCfg = Debug|x64
		{2B438E22-56C3-4A70-8777-9B7004D42427}.Debug|x64.Build.0 = Debug|x64
		{2B438E22-56C3-4A70-8777-9B7004D42427}.Debug|x86.ActiveCfg = Debug|Win32
		{2B438E22-56C3-4A70-8777-9B7004D42427}.Debug|x86.Build.0 = Debug|Win32
		{2B438E22-56C3-4A70-8777-9B7004D42427}.Release|x64.ActiveCfg = Release|x64
		{2B438E22-56C3-4A70-8777-9B7004D42427}.Release|x64.Build.0 = Release|x64
		{2B438E22-56C3-4A70-8777-9B7004D42427}.Release|x86.ActiveCfg = Release|Win32
		{2B438E22-56C3-4A70-8777-9B7004D42427}.Release|x86.Build.0 = Release|Win32
		{F3E66B62-7604-4408-9265-72B856B5674C}.Debug|x64.ActiveCfg = Debug|x64
		{F3E66B62-7604-4408-9265-72B856B5674C}.Debug|x64.Build.0 = Debug|x64
		{F3E66B62-7604-4408-9265-72B856B5674C}.Debug|x86.ActiveCfg = Debug|Win32
		{F3E66B62-7604-4408-9265-72B856B5674C}.Debug|x86.Build.0 = Debug|Win32
		{F3E66B62-7604-4408-9265-72B856B5674C}.Release|x64.ActiveCfg = Release|x64
		{F3E66B62-7604-4408-9265-72B856B5674C}.Release|x64.Build.0 = Release|x64
		{F3E66B62-7604-4408-9265-72B856B5674C}.Release|x86.ActiveCfg = Release|Win32
		{F3E66B62-7604-4408-9265-72B856B5674C}.Release|x86.Build.0 = Release|Win32
		{0A7B2FEB-ACDA-4FF3-8AD2-329C0477C06F}.Debug|x64.ActiveCfg = Debug|x64
		{0A7B2FEB-ACDA-4FF3-8AD2-329C0477C06F}.Debug|x64.Build.0 = Debug|x64
		{0A7B2FEB-ACDA-4FF3-8AD2-329C0477C06F}.Debug|x86.ActiveCfg = Debug|Win32
		{0A7B2FEB-ACDA-4FF3-8AD2-329C0477C06F}.Debug|x86.Build.0 = Debug|Win32
		{0A7B2FEB-ACDA-4FF3-8AD2-329C0477C06F}.Release|x64.ActiveCfg = Release|x64
		{0A7B2FEB-ACDA-4FF3-8AD2-329C0477C06F}.Release|x64.Build.0 = Release|x64
		{0A7B2FEB-ACDA-4FF3-8AD2-329C0477C06F}.Release|x86.ActiveCfg = Release|Win32
		{0A7B2FEB-ACDA-4FF3-8AD2-329C0477C06F}.Release|x86.Build.0 = Release|Win32
		{0B9989B4-6754-4589-94AB-0B2FAC9E07EF}.Debug|x64.ActiveCfg = Debug|x64
		{0B9989B4-6754-4589-94AB-0B2FAC9E07EF}.Debug|x64.Build.0 = Debug|x64
		{0B9989B4-6754-4589-94AB-0B2FAC9E07EF}.Debug|x86.ActiveCfg = Debug|Win32
		{0B9989B4-6754-4589-94AB-0B2FAC9E07EF}.Debug|x86.Build.0 = Debug|Win32
		{0B9989B4-6754-4589-94AB-0B2FAC9E07EF}.Release|x64.ActiveCfg = Release|x64
		{0B9989B4-6754-4589-94AB-0B2FAC9E07EF}.Release|x64.Build.0 = Release|x64
		{0B9989B4-6754-4589-94AB-0B2FAC9E07EF}.Release|x86.ActiveCfg = Release|Win32
		{0B9989B4-6754-4589-94AB-0B2FAC9E07EF}.Release|x86.Build.0 = Release|Win32
		{0AB7FC4F-D64C-4924-9B4C-F29F8849D759}.Debug|x64.ActiveCfg = Debug|x64
		{0AB7FC4F-D64C-4924-9B4C-F29F8849D759}.Debug|x64.Build.0 = Debug|x64
		{0AB7FC4F-D64C-4924-9B4C-F29F8849D759}.Debug|x86.ActiveCfg = Debug|Win32
		{0AB7FC4F-D64C-4924-9B4C-F29F8849D759}.Debug|x86.Build.0 = Debug|Win32
		{0AB7FC4F-D64C-4924-9B4C-F29F8849D759}.Release|x64.ActiveCfg = Release|x64
		{0AB7FC4F-D64C-4924-9B4C-F29F8849D759}.Release|x64.Build.0 = Release|x64
		{0AB7FC4F-D64C-4924-9B4C-F29F8849D759}.Release|x86.ActiveCfg = Release|Win32
		{0AB7FC4F-D64C-4924-9B4C-F29F8849D759}.Release|x86.Build.0 = Release|Win32
		{B0DDED50-4D29-4EB0-9E32-394C03077864}.Debug|x64.ActiveCfg = Debug|x64
		{B0DDED50-4D29-4EB0-9E32-394C03077864}.Debug|x64.Build.0 = Debug|x64
		{B0DDED50-4D29-4EB0-9E32-394C03077864}.Debug|x86.ActiveCfg = Debug|Win32
		{B0DDED50-4D29-4EB0-9E32-394C03077864}.Debug|x86.Build.0 = Debug|Win32
		{B0DDED50-4D29-4EB0-9E32-394C03077864}.Release|x64.ActiveCfg = Release|x64
		{B0DDED50-4D29-4EB0-9E32-394C03077864}.Release|x64.Build.0 = Release|x64
		{B0DDED50-4D29-4EB0-9E32-394C03077864}.Release|x86.ActiveCfg = Release|Win32
		{B0DDED50-4D29-4EB0-9E32-394C03077864}.Release|x86.Build.0 = Release|Win32
		{439831F2-C4A9-48B3-A180-6D8C096AB4CE}.Debug|x64.ActiveCfg = Debug|x64
		{439831F2-C4A9-48B3-A180-6D8C096AB4CE}.Debug|x64.Build.0 = Debug|x64
		{439831F2-C4A9-48B3-A180-6D8C096AB4CE}.Debug|x86.ActiveCfg = Debug|Win32
		{439831F2-C4A9-48B3-A180-6D8C096AB4CE}.Debug|x86.Build.0 = Debug|Win32
		{439831F2-C4A9-48B3-A180-6D8C096AB4CE}.Release|x64.ActiveCfg = Release|x64
		{439831F2-C4A9-48B3-A180-6D8C096AB4CE}.Release|x64.Build.0 = Release|x64
		{439831F2-C4A9-48B3-A180-6D8C096AB4CE}.Release|x86.ActiveCfg = Release|Win32
		{439831F2-C4A9-48B3-A180-6D8C096AB4CE}.Release|x86.Build.0 = Release|Win32
		{A6AAE082-73E0-4386-9EF6-99B7C03B7129}.Debug|x64.ActiveCfg = Debug|x64
		{A6AAE082-73E0-4386-9EF6-99B7C03B7129}.Debug|x64.Build.0 = Debug|x64
		{A6AAE082-73E0-4386-9EF6-99B7C03B7129}.Debug|x86.ActiveCfg = Debug|Win32
		{A6AAE082-73E0-4386-9EF6-99B7C03B7129}.Debug|x86.Build.0 = Debug|Win32
		{A6AAE082-73E0-4386-9EF6-99B7C03B7129}.Release|x64.ActiveCfg = Release|x64
		{A6AAE082-73E0-4386-9EF6-99B7C03B7129}.Release|x64.Build.0 = Release|x64
		{A6AAE082-73E0-4386-9EF6-99B7C03B7129}.Release|x86.ActiveCfg = Release|Win32
		{A6AAE082-73E0-4386-9EF6-99B7C03B7129}.Release|x86.Build.0 = Release|Win32
		{BA6831FB-5447-45CD-B1E7-E1A6E90C61D8}.Debug|x64.ActiveCfg = Debug|x64
		{BA6831FB-5447-45CD-B1E7-E1A6E90C61D8}.Debug|x64.Build.0 = Debug|x64
		{BA6831FB-5447-45CD-B1E7-E1A6E90C61D8}.Debug|x86.ActiveCfg = Debug|Win32
		{BA6831FB-5447-45CD-B1E7-E1A6E90C61D8}.Debug|x86.Build.0 = Debug|Win32
		{BA6831FB-5447-45CD-B1E7-E1A6E90C61D8}.Release|x64.ActiveCfg = Release|x64
		{BA6831FB-5447-45CD-B1E7-E1A6E90C61D8}.Release|x64.Build.0 = Release|x64
		{BA6831FB-5447-45CD-B1E7-E1A6E90C61D8}.Release|x86.ActiveCfg = Release|Win32
		{BA6831FB-5447-45CD-B1E7-E1A6E90C61D8}.Release|x86.Build.0 = Release|Win32
		{87E0FB65-B083-4E8C-AA02-B890CA5FBE53}.Debug|x64.ActiveCfg = Debug|x64
		{87E0FB65-B083-4E8C-AA02-B890CA5FBE53}.Debug|x64.Build.0 = Debug|x64
		{87E0FB65-B083-4E8C-AA02-B890CA5FBE53}.Debug|x86.ActiveCfg = Debug|Win32
		{87E0FB65-B083-4E8C-AA02-B890CA5FBE53}.Debug|x86.Build.0 = Debug|Win32
		{87E0FB65-B083-4E8C-AA02-B890CA5FBE53}.Release|x64.ActiveCfg = Release|x64
		{87E0FB65-B083-4E8C-AA02-B890CA5FBE53}.Release|x64.Build.0 = Release|x64
		{87E0FB65-B083-4E8C-AA02-B890CA5FBE53}.Release|x86.ActiveCfg = Release|Win32
		{87E0FB65-B083-4E8C-AA02-B890CA5FBE53}.Release|x86.Build.0 = Release|Win32
		{729FC964-73D9-4151-9DA0-D8DDBD71F829}.Debug|x64.ActiveCfg = Debug|x64
		{729FC964-73D9-4151-9DA0-D8DDBD71F829}.Debug|x64.Build.0 = Debug|x64
		{729FC964-73D9-4151-9DA0-D8DDBD71F829}.Debug|x86.ActiveCfg = Debug|Win32
		{729FC964-73D9-4151-9DA0-D8DDBD71F829}.Debug|x86.Build.0 = Debug|Win32
		{729FC964-73D9-4151-9DA0-D8DDBD71F829}.Release|x64.ActiveCfg = Release|x64
		{729FC964-73D9-4151-9DA0-D8DDBD71F829}.Release|x64.Build.0 = Release|x64
		{729FC964-73D9-4151-9DA0-D8DDBD71F829}.Release|x86.ActiveCfg = Release|Win32
		{729FC964-73D9-4151-9DA0-D8DDBD71F829}.Release|x86.Build.0 = Release|Win32
		{5CFD19B3-791A-4ED8-8BBF-9E34ADE264FC}.Debug|x64.ActiveCfg = Debug|x64
		{5CFD19B3-791A-4ED8-8BBF-9E34ADE264FC}.Debug|x64.Build.0 = Debug|x64
		{5CFD19B3-791A-4ED8-8BBF-9E34ADE264FC}.Debug|x86.ActiveCfg = Debug|Win32
		{5CFD19B3-791A-4ED8-8BBF-9E34ADE264FC}.Debug|x86.Build.0 = Debug|Win32
		{5CFD19B3-791A-4ED8-8BBF-9E34ADE264FC}.Release|x64.ActiveCfg = Release|x64
		{5CFD19B3-791A-4ED8-8BBF-9E34ADE264FC}.Release|x64.Build.0 = Release|x64
		{5CFD19B3-791A-4ED8-8BBF-9E34ADE264FC}.Release|x86.ActiveCfg = Release|Win32
		{5CFD19B3-791A-4ED8-8BBF-9E34ADE264FC}.Release|x86.Build.0 = Release|Win32
		{DFD7DEFB-0B07-4800-B49E-7495E07DAE4D}.Debug|x64.ActiveCfg = Debug|x64
		{DFD7DEFB-0B07-4800-B49E-7495E07DAE4D}.Debug|x64.Build.0 = Debug|x64
		{DFD7DEFB-0B07-4800-B49E-7495E07DAE4D}.Debug|x86.ActiveCfg = Debug|Win32
		{DFD7DEFB-0B07-4800-B49E-7495E07DAE4D}.Debug|x86.Build.0 = Debug|Win32
		{DFD7DEFB-0B07-4800-B49E-7495E07DAE4D}.Release|x64.ActiveCfg = Release|x64
		{DFD7DEFB-0B07-4800-B49E-7495E07DAE4D}.Release|x64.Build.0 = Release|x64
		{DFD7DEFB-0B07-4800-B49E-7495E07DAE4D}.Release|x86.ActiveCfg = Release|Win32
		{DFD7DEFB-0B07-4800-B49E-7495E07DAE4D}.Release|x86.Build.0 = Release|Win32
		{AF46E18A-D7D3-44ED-B376-65E495F97A3F}.Debug|x64.ActiveCfg = Debug|x64
		{AF46E18A-D7D3-44ED-B376-65E495F97A3F}.Debug|x64.Build.0 = Debug|x64
		{AF46E18A-D7D3-44ED-B376-65E495F97A3F}.Debug|x86.ActiveCfg = Debug|Win32
		{AF46E18A-D7D3-44ED-B376-65E495F97A3F}.Debug|x86.Build.0 = Debug|Win32
		{AF46E18A-D7D3-44ED-B376-65E495F97A3F}.Release|x64.ActiveCfg = Release|x64
		{AF46E18A-D7D3-44ED-B376-65E495F97A3F}.Release|x64.Build.0 = Release|x64
		{AF46E18A-D7D3-44ED-B376-65E495F97A3F}.Release|x86.ActiveCfg = Release|Win32
		{AF46E18A-D7D3-44ED-B376-65E495F97A3F}.Release|x86.Build.0 = Release|Win32
		{172FE82E-D7B7-4516-BA4D-685DBC5D2D94}.Debug|x64.ActiveCfg = Debug|x64
		{172FE82E-D7B7-4516-BA4D-685DBC5D2D94}.Debug|x64.Build.0 = Debug|x64
		{172FE82E-D7B7-4516-BA4D-685DBC5D2D94}.Debug|x86.ActiveCfg = Debug|Win32
		{172FE82E-D7B7-4516-BA4D-685DBC5D2D94}.Debug|x86.Build.0 = Debug|Win32
		{172FE82E-D7B7-4516-BA4D-685DBC5D2D94}.Release|x64.ActiveCfg = Release|x64
		{172FE82E-D7B7-4516-BA4D-685DBC5D2D94}.Release|x64.Build.0 = Release|x64
		{172FE82E-D7B7-4516-BA4D-685DBC5D2D94}.Release|x86.ActiveCfg = Release|Win32
		{172FE82E-D7B7-4516-BA4D-685DBC5D2D94}.Release|x86.Build.0 = Release|Win32
		{D1E87FB2-9B16-4BB4-BEC5-84A31E2004DF}.Debug|x64.ActiveCfg = Debug|x64
		{D1E87FB2-9B16-4BB4-BEC5-84A31E2004DF}.Debug|x64.Build.0 = Debug|x64
		{D1E87FB2-9B16-4BB4-BEC5-84A31E2004DF}.Debug|x86.ActiveCfg = Debug|Win32
		{D1E87FB2-9B16-4BB4-BEC5-84A31E2004DF}.Debug|x86.Build.0 = Debug|Win32
		{D1E87FB2-9B16-4BB4-BEC5-84A31E2004DF}.Release|x64.ActiveCfg = Release|x64
		{D1E87FB2-9B16-4BB4-BEC5-84A31E2004DF}.Release|x64.Build.0 = Release|x64
		{D1E87FB2-9B16-4BB4-BEC5-84A31E2004DF}.Release|x86.ActiveCfg = Release|Win32
		{D1E87FB2-9B16-4BB4-BEC5-84A31E2004DF}.Release|x86.Build.0 = Release|Win32
		{2944CA3A-1EFF-429D-A779-6750C850A6C7}.Debug|x64.ActiveCfg = Debug|x64
		{2944CA3A-1EFF-429D-A779-6750C850A6C7}.Debug|x64.Build.0 = Debug|x64
		{2944CA3A-1EFF-429D-A779-6750C850A6C7}.Debug|x86.ActiveCfg = Debug|Win32
		{2944CA3A-1EFF-429D-A779-6750C850A6C7}.Debug|x86.Build.0 = Debug|Win32
		{2944CA3A-1EFF-429D-A779-6750C850A6C7}.Release|x64.ActiveCfg = Release|x64
		{2944CA3A-1EFF-429D-A779-6750C850A6C7}.Release|x64.Build.0 = Release|x64
		{2944CA3A-1EFF-429D-A779-6750C850A6C7}.Release|x86.ActiveCfg = Release|Win32
		{2944CA3A-1EFF-429D-A779-6750C850A6C7}.Release|x86.Build.0 = Release|Win32
		{32D931E6-B4EF-4CD6-B334-2A6406EB2F7F}.Debug|x64.ActiveCfg = Debug|x64
		{32D931E6-B4EF-4CD6-B334-2A6406EB2F7F}.Debug|x64.Build.0 = Debug|x64
		{32D931E6-B4EF-4CD6-B334-2A6406EB2F7F}.Debug|x86.ActiveCfg = Debug|Win32
		{32D931E6-B4EF-4CD6-B334-2A6406EB2F7F}.Debug|x86.Build.0 = Debug|Win32
		{32D931E6-B4EF-4CD6-B334-2A6406EB2F7F}.Release|x64.ActiveCfg = Release|x64
		{32D931E6-B4EF-4CD6-B334-2A6406EB2F7F}.Release|x64.Build.0 = Release|x64
		{32D931E6-B4EF-4CD6-B334-2A6406EB2F7F}.Release|x86.ActiveCfg = Release|Win32
		{32D931E6-B4EF-4CD6-B334-2A6406EB2F7F}.Release|x86.Build.0 = Release|Win32
		{039F59F9-C776-435E-8749-191802661569}.Debug|x64.ActiveCfg = Debug|x64
		{039F59F9-C776-435E-8749-191802661569}.Debug|x64.Build.0 = Debug|x64
		{039F59F9-C776-435E-8749-191802661569}.Debug|x86.ActiveCfg = Debug|Win32
		{039F59F9-C776-435E-8749-191802661569}.Debug|x86.Build.0 = Debug|Win32
		{039F59F9-C776-435E-8749-191802661569}.Release|x64.ActiveCfg = Release|x64
		{039F59F9-C776-435E-8749-191802661569}.Release|x64.Build.0 = Release|x64
		{039F59F9-C776-435E-8749-191802661569}.Release|x86.ActiveCfg = Release|Win32
		{039F59F9-C776-435E-8749-191802661569}.Release|x86.Build.0 = Release|Win32
		{265ABDB7-15F2-400D-83D0-11C780DB37AC}.Debug|x64.ActiveCfg = Debug|x64
		{265ABDB7-15F2-400D-83D0-11C780DB37AC}.Debug|x64.Build.0 = Debug|x64
		{265ABDB7-15F2-400D-83D0-11C780DB37AC}.Debug|x86.ActiveCfg = Debug|Win32
		{265ABDB7-15F2-400D-83D0-11C780DB37AC}.Debug|x86.Build.0 = Debug|Win32
		{265ABDB7-15F2-400D-83D0-11C780DB37AC}.Release|x64.ActiveCfg = Release|x64
		{265ABDB7-15F2-400D-83D0-11C780DB37AC}.Release|x64.Build.0 = Release|x64
		{265ABDB7-15F2-400D-83D0-11C780DB37AC}.Release|x86.ActiveCfg = Release|Win32
		{265ABDB7-15F2-400D-83D0-11C780DB37AC}.Release|x86.Build.0 = Release|Win32
		{CDDA55D8-C4E1-4D61-9B21-1BA156E422C0}.Debug|x64.ActiveCfg = Debug|x64
		{CDDA55D8-C4E1-4D61-9B21-1BA156E422C0}.Debug|x64.Build.0 = Debug|x64
		{CDDA55D8-C4E1-4D61-9B21-1BA156E422C0}.Debug|x86.ActiveCfg = Debug|Win32
		{CDDA55D8-C4E1-4D61-9B21-1BA156E422C0}.Debug|x86.Build.0 = Debug|Win32
		{CDDA55D8-C4E1-4D61-9B21-1BA156E422C0}.Release|x64.ActiveCfg = Release|x64
		{CDDA55D8-C4E1-4D61-9B21-1BA156E422C0}.Release|x64.Build.0 = Release|x64
		{CDDA55D8-C4E1-4D61-9B21-1BA156E422C0}.Release|x86.ActiveCfg = Release|Win32
		{CDDA55D8-C4E1-4D61-9B21-1BA156E422C0}.Release|x86.Build.0 = Release|Win32
	EndGlobalSection
	GlobalSection(SolutionProperties) = preSolution
		HideSolutionNode = FALSE
	EndGlobalSection
	GlobalSection(ExtensibilityGlobals) = postSolution
		SolutionGuid = {639AA3F5-75AC-4454-B5DB-261D6E75F916}
	EndGlobalSection
EndGlobal
